version = 1
revision = 3
requires-python = ">=3.14"
resolution-markers = [
    "(python_full_version >= '3.15' and sys_platform == 'darwin') or (python_full_version >= '3.15' and sys_platform == 'linux')",
    "(python_full_version < '3.15' and sys_platform == 'darwin') or (python_full_version < '3.15' and sys_platform == 'linux')",
]
supported-markers = [
    "sys_platform == 'darwin' or sys_platform == 'linux'",
]

[[package]]
name = "ast-serialize"
version = "0.3.0"
source = { registry = "https://pypi.devinfra.sentry.io/simple" }
wheels = [
    { url = "https://pypi.devinfra.sentry.io/wheels/ast_serialize-0.3.0-cp39-abi3-macosx_11_0_arm64.whl", hash = "sha256:ef6d3c08b7b4cd29b48410338e134764a00e76d25841eb02c1084e868c888ecc" },
    { url = "https://pypi.devinfra.sentry.io/wheels/ast_serialize-0.3.0-cp39-abi3-manylinux_2_17_aarch64.manylinux2014_aarch64.whl", hash = "sha256:3d841424f41b886e98044abc80769c14a956e6e5ccd5fb5b0d9f5ead72be18a4" },
    { url = "https://pypi.devinfra.sentry.io/wheels/ast_serialize-0.3.0-cp39-abi3-manylinux_2_17_x86_64.manylinux2014_x86_64.whl", hash = "sha256:c1c9e763d70293d65ce1e1ea8c943140c68d0953f0268c7ee0998f2e07f77dd0" },
]

[[package]]
name = "black"
version = "26.3.1"
source = { registry = "https://pypi.devinfra.sentry.io/simple" }
dependencies = [
    { name = "click" },
    { name = "mypy-extensions" },
    { name = "packaging" },
    { name = "pathspec" },
    { name = "platformdirs" },
    { name = "pytokens" },
]
wheels = [
    { url = "https://pypi.devinfra.sentry.io/wheels/black-26.3.1-cp314-cp314-macosx_11_0_arm64.whl", hash = "sha256:f89f2ab047c76a9c03f78d0d66ca519e389519902fa27e7a91117ef7611c0568" },
    { url = "https://pypi.devinfra.sentry.io/wheels/black-26.3.1-cp314-cp314-manylinux2014_x86_64.manylinux_2_17_x86_64.manylinux_2_28_x86_64.whl", hash = "sha256:b07fc0dab849d24a80a29cfab8d8a19187d1c4685d8a5e6385a5ce323c1f015f" },
    { url = "https://pypi.devinfra.sentry.io/wheels/black-26.3.1-py3-none-any.whl", hash = "sha256:2bd5aa94fc267d38bb21a70d7410a89f1a1d318841855f698746f8e7f51acd1b" },
]

[[package]]
name = "blinker"
version = "1.9.0"
source = { registry = "https://pypi.devinfra.sentry.io/simple" }
wheels = [
    { url = "https://pypi.devinfra.sentry.io/wheels/blinker-1.9.0-py3-none-any.whl", hash = "sha256:ba0efaa9080b619ff2f3459d1d500c57bddea4a6b424b60a91141db6fd2f08bc" },
]

[[package]]
name = "certifi"
version = "2026.6.17"
source = { registry = "https://pypi.devinfra.sentry.io/simple" }
wheels = [
    { url = "https://pypi.devinfra.sentry.io/wheels/certifi-2026.6.17-py3-none-any.whl", hash = "sha256:2227dcbaafe0d2f59279d1762ddddc37783ed4354594f194ffc31d20f41fc3db" },
]

[[package]]
name = "cffi"
version = "2.0.0"
source = { registry = "https://pypi.devinfra.sentry.io/simple" }
dependencies = [
    { name = "pycparser", marker = "implementation_name != 'PyPy'" },
]
wheels = [
    { url = "https://pypi.devinfra.sentry.io/wheels/cffi-2.0.0-cp314-cp314-macosx_11_0_arm64.whl", hash = "sha256:c654de545946e0db659b3400168c9ad31b5d29593291482c43e3564effbcee13" },
    { url = "https://pypi.devinfra.sentry.io/wheels/cffi-2.0.0-cp314-cp314-manylinux2014_aarch64.manylinux_2_17_aarch64.whl", hash = "sha256:24b6f81f1983e6df8db3adc38562c83f7d4a0c36162885ec7f7b77c7dcbec97b" },
    { url = "https://pypi.devinfra.sentry.io/wheels/cffi-2.0.0-cp314-cp314-manylinux2014_x86_64.manylinux_2_17_x86_64.whl", hash = "sha256:afb8db5439b81cf9c9d0c80404b60c3cc9c3add93e114dcae767f1477cb53775" },
]

[[package]]
name = "cfgv"
version = "3.4.0"
source = { registry = "https://pypi.devinfra.sentry.io/simple" }
wheels = [
    { url = "https://pypi.devinfra.sentry.io/wheels/cfgv-3.4.0-py2.py3-none-any.whl", hash = "sha256:b7265b1f29fd3316bfcd2b330d63d024f2bfd8bcb8b0272f8e19a504856c48f9" },
]

[[package]]
name = "charset-normalizer"
version = "3.4.7"
source = { registry = "https://pypi.devinfra.sentry.io/simple" }
wheels = [
    { url = "https://pypi.devinfra.sentry.io/wheels/charset_normalizer-3.4.7-cp314-cp314-macosx_10_15_universal2.whl", hash = "sha256:c36c333c39be2dbca264d7803333c896ab8fa7d4d6f0ab7edb7dfd7aea6e98c0" },
    { url = "https://pypi.devinfra.sentry.io/wheels/charset_normalizer-3.4.7-cp314-cp314-manylinux2014_aarch64.manylinux_2_17_aarch64.manylinux_2_28_aarch64.whl", hash = "sha256:1c2aed2e5e41f24ea8ef1590b8e848a79b56f3a5564a65ceec43c9d692dc7d8a" },
    { url = "https://pypi.devinfra.sentry.io/wheels/charset_normalizer-3.4.7-cp314-cp314-manylinux2014_x86_64.manylinux_2_17_x86_64.manylinux_2_28_x86_64.whl", hash = "sha256:bd6c2a1c7573c64738d716488d2cdd3c00e340e4835707d8fdb8dc1a66ef164e" },
]

[[package]]
name = "click"
version = "8.4.2"
source = { registry = "https://pypi.devinfra.sentry.io/simple" }
wheels = [
    { url = "https://pypi.devinfra.sentry.io/wheels/click-8.4.2-py3-none-any.whl", hash = "sha256:e6f9f66136c816745b9d65817da91d61d957fb16e02e4dcd0552553c5a197b76" },
]

[[package]]
name = "confluent-kafka"
version = "2.15.0"
source = { registry = "https://pypi.devinfra.sentry.io/simple" }
wheels = [
    { url = "https://pypi.devinfra.sentry.io/wheels/confluent_kafka-2.15.0-cp314-cp314-macosx_13_0_arm64.whl", hash = "sha256:e781d39ff31d5d10d0502471f92f95aff4f5be1eaae9a1f57aeac164bc9f9029" },
    { url = "https://pypi.devinfra.sentry.io/wheels/confluent_kafka-2.15.0-cp314-cp314-manylinux_2_28_aarch64.whl", hash = "sha256:9ddf4cf4647e5d633ef64e3f5a349d5288edfedf974203993e9d86548c2695be" },
    { url = "https://pypi.devinfra.sentry.io/wheels/confluent_kafka-2.15.0-cp314-cp314-manylinux_2_28_x86_64.whl", hash = "sha256:d8ed33f623ff2a104fb76f99a67e9917f0170fddb4e28380fcdc83347b1646b2" },
]

[[package]]
name = "cryptography"
version = "49.0.0"
source = { registry = "https://pypi.devinfra.sentry.io/simple" }
dependencies = [
    { name = "cffi", marker = "platform_python_implementation != 'PyPy'" },
]
wheels = [
    { url = "https://pypi.devinfra.sentry.io/wheels/cryptography-49.0.0-cp311-abi3-macosx_11_0_arm64.whl", hash = "sha256:966fe0e9c67490071f14c0d2b1cb2dfb3023c5ce39457343931415f08382f2db" },
    { url = "https://pypi.devinfra.sentry.io/wheels/cryptography-49.0.0-cp311-abi3-manylinux_2_28_aarch64.whl", hash = "sha256:53ecee2e23f7169b6117e99fc8a944e5e50f79e69758a83b52a00cb98ab2b2d2" },
    { url = "https://pypi.devinfra.sentry.io/wheels/cryptography-49.0.0-cp311-abi3-manylinux_2_28_x86_64.whl", hash = "sha256:2afe9051da7ae7bd5905da5a949280c7d2bb75682e188f650a9d0f2756b834c6" },
]

[[package]]
name = "devservices"
version = "1.4.2"
source = { registry = "https://pypi.devinfra.sentry.io/simple" }
dependencies = [
    { name = "packaging" },
    { name = "pyyaml" },
    { name = "sentry-devenv" },
    { name = "sentry-sdk" },
    { name = "supervisor" },
]
wheels = [
    { url = "https://pypi.devinfra.sentry.io/wheels/devservices-1.4.2-py3-none-any.whl", hash = "sha256:505088e43ad81d4a89f874b96b8129858ae6ae4c53d5bda1d232ffa1213adbdf" },
]

[[package]]
name = "distlib"
version = "0.4.0"
source = { registry = "https://pypi.devinfra.sentry.io/simple" }
wheels = [
    { url = "https://pypi.devinfra.sentry.io/wheels/distlib-0.4.0-py2.py3-none-any.whl", hash = "sha256:9659f7d87e46584a30b5780e43ac7a2143098441670ff0a49d5f9034c54a6c16" },
]

[[package]]
name = "execnet"
version = "2.0.2"
source = { registry = "https://pypi.devinfra.sentry.io/simple" }
wheels = [
    { url = "https://pypi.devinfra.sentry.io/wheels/execnet-2.0.2-py3-none-any.whl", hash = "sha256:88256416ae766bc9e8895c76a87928c0012183da3cc4fc18016e6f050e025f41" },
]

[[package]]
name = "filelock"
version = "3.20.3"
source = { registry = "https://pypi.devinfra.sentry.io/simple" }
wheels = [
    { url = "https://pypi.devinfra.sentry.io/wheels/filelock-3.20.3-py3-none-any.whl", hash = "sha256:4b0dda527ee31078689fc205ec4f1c1bf7d56cf88b6dc9426c4f230e46c2dce1" },
]

[[package]]
name = "filetype"
version = "1.2.0"
source = { registry = "https://pypi.devinfra.sentry.io/simple" }
wheels = [
    { url = "https://pypi.devinfra.sentry.io/wheels/filetype-1.2.0-py2.py3-none-any.whl", hash = "sha256:7ce71b6880181241cf7ac8697a2f1eb6a8bd9b429f7ad6d27b8db9ba5f1c2d25" },
]

[[package]]
name = "flake8"
version = "7.3.0"
source = { registry = "https://pypi.devinfra.sentry.io/simple" }
dependencies = [
    { name = "mccabe" },
    { name = "pycodestyle" },
    { name = "pyflakes" },
]
wheels = [
    { url = "https://pypi.devinfra.sentry.io/wheels/flake8-7.3.0-py2.py3-none-any.whl", hash = "sha256:b9696257b9ce8beb888cdbe31cf885c90d31928fe202be0889a7cdafad32f01e" },
]

[[package]]
name = "flask"
version = "3.1.3"
source = { registry = "https://pypi.devinfra.sentry.io/simple" }
dependencies = [
    { name = "blinker" },
    { name = "click" },
    { name = "itsdangerous" },
    { name = "jinja2" },
    { name = "markupsafe" },
    { name = "werkzeug" },
]
wheels = [
    { url = "https://pypi.devinfra.sentry.io/wheels/flask-3.1.3-py3-none-any.whl", hash = "sha256:f4bcbefc124291925f1a26446da31a5178f9483862233b23c0c96a20701f670c" },
]

[[package]]
name = "grpc-stubs"
version = "1.53.0.6"
source = { registry = "https://pypi.devinfra.sentry.io/simple" }
dependencies = [
    { name = "grpcio" },
]
wheels = [
    { url = "https://pypi.devinfra.sentry.io/wheels/grpc_stubs-1.53.0.6-py3-none-any.whl", hash = "sha256:3ffc5a6b5bd84ac46f3d84e2434e97936c1262b47b71b462bdedc43caaf227e1" },
]

[[package]]
name = "grpcio"
version = "1.81.1"
source = { registry = "https://pypi.devinfra.sentry.io/simple" }
dependencies = [
    { name = "typing-extensions" },
]
wheels = [
    { url = "https://pypi.devinfra.sentry.io/wheels/grpcio-1.81.1-cp314-cp314-macosx_11_0_universal2.whl", hash = "sha256:d865db4a6318e1c1bea83292e0ed231090538fc4ca45425b0f0480eb338bbc6e" },
    { url = "https://pypi.devinfra.sentry.io/wheels/grpcio-1.81.1-cp314-cp314-manylinux2014_aarch64.manylinux_2_17_aarch64.whl", hash = "sha256:e2aa72e3ce1770317ef534f63d397b55e130725f5149bd36077c3b539019db27" },
    { url = "https://pypi.devinfra.sentry.io/wheels/grpcio-1.81.1-cp314-cp314-manylinux2014_x86_64.manylinux_2_17_x86_64.whl", hash = "sha256:410482da976329fe5f4067270401b12cf2bd552ff8020f054ecfaddb5475f9d6" },
]

[[package]]
name = "identify"
version = "2.6.9"
source = { registry = "https://pypi.devinfra.sentry.io/simple" }
wheels = [
    { url = "https://pypi.devinfra.sentry.io/wheels/identify-2.6.9-py2.py3-none-any.whl", hash = "sha256:c98b4322da415a8e5a70ff6e51fbc2d2932c015532d77e9f8537b4ba7813b150" },
]

[[package]]
name = "idna"
version = "3.18"
source = { registry = "https://pypi.devinfra.sentry.io/simple" }
wheels = [
    { url = "https://pypi.devinfra.sentry.io/wheels/idna-3.18-py3-none-any.whl", hash = "sha256:7f952cbe720b688055e3f87de14f5c3e5fdaa8bc3928985c4077ca689de849a2" },
]

[[package]]
name = "iniconfig"
version = "2.3.0"
source = { registry = "https://pypi.devinfra.sentry.io/simple" }
wheels = [
    { url = "https://pypi.devinfra.sentry.io/wheels/iniconfig-2.3.0-py3-none-any.whl", hash = "sha256:f631c04d2c48c52b84d0d0549c99ff3859c98df65b3101406327ecc7d53fbf12" },
]

[[package]]
name = "itsdangerous"
version = "2.2.0"
source = { registry = "https://pypi.devinfra.sentry.io/simple" }
wheels = [
    { url = "https://pypi.devinfra.sentry.io/wheels/itsdangerous-2.2.0-py3-none-any.whl", hash = "sha256:c6242fc49e35958c8b15141343aa660db5fc54d4f13a1db01a3f5891b98700ef" },
]

[[package]]
name = "jinja2"
version = "3.1.6"
source = { registry = "https://pypi.devinfra.sentry.io/simple" }
dependencies = [
    { name = "markupsafe" },
]
wheels = [
    { url = "https://pypi.devinfra.sentry.io/wheels/jinja2-3.1.6-py3-none-any.whl", hash = "sha256:85ece4451f492d0c13c5dd7c13a64681a86afae63a5f347908daf103ce6d2f67" },
]

[[package]]
name = "librt"
version = "0.11.0"
source = { registry = "https://pypi.devinfra.sentry.io/simple" }
wheels = [
    { url = "https://pypi.devinfra.sentry.io/wheels/librt-0.11.0-cp314-cp314-macosx_11_0_arm64.whl", hash = "sha256:b1ecbd9819deccc39b7542bf4d2a740d8a620694d39989e58661d3763458f8d4" },
    { url = "https://pypi.devinfra.sentry.io/wheels/librt-0.11.0-cp314-cp314-manylinux2014_aarch64.manylinux_2_17_aarch64.manylinux_2_28_aarch64.whl", hash = "sha256:7da327dacd7be8f8ec36547373550744a3cc0e536d54665cd83f8bcd961200e8" },
    { url = "https://pypi.devinfra.sentry.io/wheels/librt-0.11.0-cp314-cp314-manylinux2014_x86_64.manylinux_2_17_x86_64.manylinux_2_28_x86_64.whl", hash = "sha256:05fb8fb2ab90e21c8d12ea240d744ad514da9baf381ebfa70d91d20d21713175" },
]

[[package]]
name = "markupsafe"
version = "3.0.3"
source = { registry = "https://pypi.devinfra.sentry.io/simple" }
wheels = [
    { url = "https://pypi.devinfra.sentry.io/wheels/markupsafe-3.0.3-cp314-cp314-macosx_11_0_arm64.whl", hash = "sha256:c47a551199eb8eb2121d4f0f15ae0f923d31350ab9280078d1e5f12b249e0026" },
    { url = "https://pypi.devinfra.sentry.io/wheels/markupsafe-3.0.3-cp314-cp314-manylinux2014_aarch64.manylinux_2_17_aarch64.manylinux_2_28_aarch64.whl", hash = "sha256:f34c41761022dd093b4b6896d4810782ffbabe30f2d443ff5f083e0cbbb8c737" },
    { url = "https://pypi.devinfra.sentry.io/wheels/markupsafe-3.0.3-cp314-cp314-manylinux2014_x86_64.manylinux_2_17_x86_64.manylinux_2_28_x86_64.whl", hash = "sha256:457a69a9577064c05a97c41f4e65148652db078a3a509039e64d3467b9e7ef97" },
]

[[package]]
name = "mccabe"
version = "0.7.0"
source = { registry = "https://pypi.devinfra.sentry.io/simple" }
wheels = [
    { url = "https://pypi.devinfra.sentry.io/wheels/mccabe-0.7.0-py2.py3-none-any.whl", hash = "sha256:6c2d30ab6be0e4a46919781807b4f0d834ebdd6c6e3dca0bda5a15f863427b6e" },
]

[[package]]
name = "milksnake"
version = "0.1.6"
source = { registry = "https://pypi.devinfra.sentry.io/simple" }
dependencies = [
    { name = "cffi" },
]
wheels = [
    { url = "https://pypi.devinfra.sentry.io/wheels/milksnake-0.1.6-py2.py3-none-any.whl", hash = "sha256:31e3eafaf2a48e177bb4b2dacef2c7ae8c5b2147a19c6d626209b819490e6f1d" },
]

[[package]]
name = "msgpack"
version = "1.2.1"
source = { registry = "https://pypi.devinfra.sentry.io/simple" }
wheels = [
    { url = "https://pypi.devinfra.sentry.io/wheels/msgpack-1.2.1-cp314-cp314-macosx_11_0_arm64.whl", hash = "sha256:810b916696c86ef0deb3b74588480224df4c1b071136c34183e4a2a4284d7ac7" },
    { url = "https://pypi.devinfra.sentry.io/wheels/msgpack-1.2.1-cp314-cp314-manylinux2014_aarch64.manylinux_2_17_aarch64.manylinux_2_28_aarch64.whl", hash = "sha256:ca0dacff965c47afdc3749a8469d7302a8f801d6a28758d55120d75e66ce6889" },
    { url = "https://pypi.devinfra.sentry.io/wheels/msgpack-1.2.1-cp314-cp314-manylinux2014_x86_64.manylinux_2_17_x86_64.manylinux_2_28_x86_64.whl", hash = "sha256:0e2bf9280bceb5efca998435904b5d3e9fdbcc11d90dc9df30aec7973252b720" },
]

[[package]]
name = "mypy"
version = "2.1.0"
source = { registry = "https://pypi.devinfra.sentry.io/simple" }
dependencies = [
    { name = "ast-serialize" },
    { name = "librt", marker = "platform_python_implementation != 'PyPy'" },
    { name = "mypy-extensions" },
    { name = "pathspec" },
    { name = "typing-extensions" },
]
wheels = [
    { url = "https://pypi.devinfra.sentry.io/wheels/mypy-2.1.0-cp314-cp314-macosx_11_0_arm64.whl", hash = "sha256:49890d4f76ac9e06ec117f9e09f3174da70a620a0c300953d8595c926e80947f" },
    { url = "https://pypi.devinfra.sentry.io/wheels/mypy-2.1.0-cp314-cp314-manylinux2014_aarch64.manylinux_2_17_aarch64.manylinux_2_28_aarch64.whl", hash = "sha256:761be68e023ef5d94678772396a8af1220030f80837a3afd8d0aef3b419666f4" },
    { url = "https://pypi.devinfra.sentry.io/wheels/mypy-2.1.0-cp314-cp314-manylinux2014_x86_64.manylinux_2_17_x86_64.manylinux_2_28_x86_64.whl", hash = "sha256:c90345fc182dc363b891350457ec69c35140858538f38b4540845afcc32b1aef" },
]

[[package]]
name = "mypy-extensions"
version = "1.1.0"
source = { registry = "https://pypi.devinfra.sentry.io/simple" }
wheels = [
    { url = "https://pypi.devinfra.sentry.io/wheels/mypy_extensions-1.1.0-py3-none-any.whl", hash = "sha256:1be4cccdb0f2482337c4743e60421de3a356cd97508abadd57d47403e94f5505" },
]

[[package]]
name = "nodeenv"
version = "1.9.1"
source = { registry = "https://pypi.devinfra.sentry.io/simple" }
wheels = [
    { url = "https://pypi.devinfra.sentry.io/wheels/nodeenv-1.9.1-py2.py3-none-any.whl", hash = "sha256:ba11c9782d29c27c70ffbdda2d7415098754709be8a7056d79a737cd901155c9" },
]

[[package]]
name = "objectstore-client"
version = "0.1.14"
source = { registry = "https://pypi.devinfra.sentry.io/simple" }
dependencies = [
    { name = "filetype" },
    { name = "pyjwt", extra = ["crypto"] },
    { name = "sentry-sdk" },
    { name = "urllib3" },
    { name = "zstandard" },
]
wheels = [
    { url = "https://pypi.devinfra.sentry.io/wheels/objectstore_client-0.1.14-py3-none-any.whl", hash = "sha256:26b18b31f516cf5cb6a109000ec436ae059e678efbab9b3d1d7fa59999d2f14e" },
]

[[package]]
name = "opentelemetry-proto"
version = "1.32.1"
source = { registry = "https://pypi.devinfra.sentry.io/simple" }
dependencies = [
    { name = "protobuf" },
]
wheels = [
    { url = "https://pypi.devinfra.sentry.io/wheels/opentelemetry_proto-1.32.1-py3-none-any.whl", hash = "sha256:fe56df31033ab0c40af7525f8bf4c487313377bbcfdf94184b701a8ccebc800e" },
]

[[package]]
name = "packaging"
version = "26.2"
source = { registry = "https://pypi.devinfra.sentry.io/simple" }
wheels = [
    { url = "https://pypi.devinfra.sentry.io/wheels/packaging-26.2-py3-none-any.whl", hash = "sha256:5fc45236b9446107ff2415ce77c807cee2862cb6fac22b8a73826d0693b0980e" },
]

[[package]]
name = "pathspec"
version = "1.0.4"
source = { registry = "https://pypi.devinfra.sentry.io/simple" }
wheels = [
    { url = "https://pypi.devinfra.sentry.io/wheels/pathspec-1.0.4-py3-none-any.whl", hash = "sha256:fb6ae2fd4e7c921a165808a552060e722767cfa526f99ca5156ed2ce45a5c723" },
]

[[package]]
name = "platformdirs"
version = "4.9.4"
source = { registry = "https://pypi.devinfra.sentry.io/simple" }
wheels = [
    { url = "https://pypi.devinfra.sentry.io/wheels/platformdirs-4.9.4-py3-none-any.whl", hash = "sha256:68a9a4619a666ea6439f2ff250c12a853cd1cbd5158d258bd824a7df6be2f868" },
]

[[package]]
name = "pluggy"
version = "1.6.0"
source = { registry = "https://pypi.devinfra.sentry.io/simple" }
wheels = [
    { url = "https://pypi.devinfra.sentry.io/wheels/pluggy-1.6.0-py3-none-any.whl", hash = "sha256:e920276dd6813095e9377c0bc5566d94c932c33b27a3e3945d8389c374dd4746" },
]

[[package]]
name = "pre-commit"
version = "4.2.0"
source = { registry = "https://pypi.devinfra.sentry.io/simple" }
dependencies = [
    { name = "cfgv" },
    { name = "identify" },
    { name = "nodeenv" },
    { name = "pyyaml" },
    { name = "virtualenv" },
]
wheels = [
    { url = "https://pypi.devinfra.sentry.io/wheels/pre_commit-4.2.0-py2.py3-none-any.whl", hash = "sha256:a009ca7205f1eb497d10b845e52c838a98b6cdd2102a6c8e4540e94ee75c58bd" },
]

[[package]]
name = "protobuf"
version = "5.29.6"
source = { registry = "https://pypi.devinfra.sentry.io/simple" }
wheels = [
    { url = "https://pypi.devinfra.sentry.io/wheels/protobuf-5.29.6-cp38-abi3-macosx_10_9_universal2.whl", hash = "sha256:b5a169e664b4057183a34bdc424540e86eea47560f3c123a0d64de4e137f9269" },
    { url = "https://pypi.devinfra.sentry.io/wheels/protobuf-5.29.6-cp38-abi3-manylinux2014_aarch64.whl", hash = "sha256:a8866b2cff111f0f863c1b3b9e7572dc7eaea23a7fae27f6fc613304046483e6" },
    { url = "https://pypi.devinfra.sentry.io/wheels/protobuf-5.29.6-cp38-abi3-manylinux2014_x86_64.whl", hash = "sha256:e3387f44798ac1106af0233c04fb8abf543772ff241169946f698b3a9a3d3ab9" },
]

[[package]]
name = "pycodestyle"
version = "2.14.0"
source = { registry = "https://pypi.devinfra.sentry.io/simple" }
wheels = [
    { url = "https://pypi.devinfra.sentry.io/wheels/pycodestyle-2.14.0-py2.py3-none-any.whl", hash = "sha256:dd6bf7cb4ee77f8e016f9c8e74a35ddd9f67e1d5fd4184d86c3b98e07099f42d" },
]

[[package]]
name = "pycparser"
version = "3.0"
source = { registry = "https://pypi.devinfra.sentry.io/simple" }
wheels = [
    { url = "https://pypi.devinfra.sentry.io/wheels/pycparser-3.0-py3-none-any.whl", hash = "sha256:b727414169a36b7d524c1c3e31839a521725078d7b2ff038656844266160a992" },
]

[[package]]
name = "pyflakes"
version = "3.4.0"
source = { registry = "https://pypi.devinfra.sentry.io/simple" }
wheels = [
    { url = "https://pypi.devinfra.sentry.io/wheels/pyflakes-3.4.0-py2.py3-none-any.whl", hash = "sha256:f742a7dbd0d9cb9ea41e9a24a918996e8170c799fa528688d40dd582c8265f4f" },
]

[[package]]
name = "pygments"
version = "2.20.0"
source = { registry = "https://pypi.devinfra.sentry.io/simple" }
wheels = [
    { url = "https://pypi.devinfra.sentry.io/wheels/pygments-2.20.0-py3-none-any.whl", hash = "sha256:81a9e26dd42fd28a23a2d169d86d7ac03b46e2f8b59ed4698fb4785f946d0176" },
]

[[package]]
name = "pyjwt"
version = "2.13.0"
source = { registry = "https://pypi.devinfra.sentry.io/simple" }
wheels = [
    { url = "https://pypi.devinfra.sentry.io/wheels/pyjwt-2.13.0-py3-none-any.whl", hash = "sha256:66adcc2aff09b3f1bbd95fc1e1577df8ac8723c978552fd43304c8a290ac5728" },
]

[package.optional-dependencies]
crypto = [
    { name = "cryptography" },
]

[[package]]
name = "pytest"
version = "9.0.3"
source = { registry = "https://pypi.devinfra.sentry.io/simple" }
dependencies = [
    { name = "iniconfig" },
    { name = "packaging" },
    { name = "pluggy" },
    { name = "pygments" },
]
wheels = [
    { url = "https://pypi.devinfra.sentry.io/wheels/pytest-9.0.3-py3-none-any.whl", hash = "sha256:2c5efc453d45394fdd706ade797c0a81091eccd1d6e4bccfcd476e2b8e0ab5d9" },
]

[[package]]
name = "pytest-localserver"
version = "0.8.1"
source = { registry = "https://pypi.devinfra.sentry.io/simple" }
dependencies = [
    { name = "werkzeug" },
]
wheels = [
    { url = "https://pypi.devinfra.sentry.io/wheels/pytest_localserver-0.8.1-py3-none-any.whl", hash = "sha256:13bc3d9aca719a60a2d1e535c5f0a58c7c1c2ad749f6e9cf198a358f5345e1d0" },
]

[[package]]
name = "pytest-sentry"
version = "0.3.3"
source = { registry = "https://pypi.devinfra.sentry.io/simple" }
dependencies = [
    { name = "pytest" },
    { name = "sentry-sdk" },
    { name = "wrapt" },
]
wheels = [
    { url = "https://pypi.devinfra.sentry.io/wheels/pytest_sentry-0.3.3-py3-none-any.whl", hash = "sha256:acf2b76cf5eb3213371f5d29868dab0e35e0653012d5e87af9da82f043cdfb87" },
]

[[package]]
name = "pytest-timeout"
version = "2.2.0"
source = { registry = "https://pypi.devinfra.sentry.io/simple" }
dependencies = [
    { name = "pytest" },
]
wheels = [
    { url = "https://pypi.devinfra.sentry.io/wheels/pytest_timeout-2.2.0-py3-none-any.whl", hash = "sha256:bde531e096466f49398a59f2dde76fa78429a09a12411466f88a07213e220de2" },
]

[[package]]
name = "pytest-xdist"
version = "3.5.0"
source = { registry = "https://pypi.devinfra.sentry.io/simple" }
dependencies = [
    { name = "execnet" },
    { name = "pytest" },
]
wheels = [
    { url = "https://pypi.devinfra.sentry.io/wheels/pytest_xdist-3.5.0-py3-none-any.whl", hash = "sha256:d075629c7e00b611df89f490a5063944bee7a4362a5ff11c7cc7824a03dfce24" },
]

[[package]]
name = "pytokens"
version = "0.4.1"
source = { registry = "https://pypi.devinfra.sentry.io/simple" }
wheels = [
    { url = "https://pypi.devinfra.sentry.io/wheels/pytokens-0.4.1-cp314-cp314-macosx_11_0_arm64.whl", hash = "sha256:4a14d5f5fc78ce85e426aa159489e2d5961acf0e47575e08f35584009178e321" },
    { url = "https://pypi.devinfra.sentry.io/wheels/pytokens-0.4.1-cp314-cp314-manylinux2014_aarch64.manylinux_2_17_aarch64.manylinux_2_28_aarch64.whl", hash = "sha256:97f50fd18543be72da51dd505e2ed20d2228c74e0464e4262e4899797803d7fa" },
    { url = "https://pypi.devinfra.sentry.io/wheels/pytokens-0.4.1-cp314-cp314-manylinux2014_x86_64.manylinux_2_17_x86_64.manylinux_2_28_x86_64.whl", hash = "sha256:dc74c035f9bfca0255c1af77ddd2d6ae8419012805453e4b0e7513e17904545d" },
]

[[package]]
name = "pyyaml"
version = "6.0.3"
source = { registry = "https://pypi.devinfra.sentry.io/simple" }
wheels = [
    { url = "https://pypi.devinfra.sentry.io/wheels/pyyaml-6.0.3-cp314-cp314-macosx_11_0_arm64.whl", hash = "sha256:34d5fcd24b8445fadc33f9cf348c1047101756fd760b4dacb5c3e99755703310" },
    { url = "https://pypi.devinfra.sentry.io/wheels/pyyaml-6.0.3-cp314-cp314-manylinux2014_aarch64.manylinux_2_17_aarch64.manylinux_2_28_aarch64.whl", hash = "sha256:501a031947e3a9025ed4405a168e6ef5ae3126c59f90ce0cd6f2bfc477be31b7" },
    { url = "https://pypi.devinfra.sentry.io/wheels/pyyaml-6.0.3-cp314-cp314-manylinux2014_x86_64.manylinux_2_17_x86_64.manylinux_2_28_x86_64.whl", hash = "sha256:c458b6d084f9b935061bc36216e8a69a7e293a2f1e68bf956dcd9e6cbcd143f5" },
]

[[package]]
name = "redis"
version = "5.0.1"
source = { registry = "https://pypi.devinfra.sentry.io/simple" }
wheels = [
    { url = "https://pypi.devinfra.sentry.io/wheels/redis-5.0.1-py3-none-any.whl", hash = "sha256:ed4802971884ae19d640775ba3b03aa2e7bd5e8fb8dfaed2decce4d0fc48391f" },
]

[[package]]
name = "relay"
version = "0.0.0"
source = { virtual = "." }

[package.dev-dependencies]
dev = [
    { name = "black" },
    { name = "blinker" },
    { name = "click" },
    { name = "confluent-kafka" },
    { name = "devservices" },
    { name = "flake8" },
    { name = "flask" },
    { name = "milksnake" },
    { name = "msgpack" },
    { name = "mypy" },
    { name = "objectstore-client" },
    { name = "opentelemetry-proto" },
    { name = "packaging" },
    { name = "pre-commit" },
    { name = "pytest" },
    { name = "pytest-localserver" },
    { name = "pytest-sentry" },
    { name = "pytest-timeout" },
    { name = "pytest-xdist" },
    { name = "pyyaml" },
    { name = "redis" },
    { name = "requests" },
    { name = "sentry-protos" },
    { name = "sentry-sdk" },
    { name = "setuptools" },
    { name = "types-protobuf" },
    { name = "types-pyyaml" },
    { name = "types-redis" },
    { name = "types-requests" },
    { name = "types-setuptools" },
    { name = "werkzeug" },
    { name = "wheel" },
    { name = "zstandard" },
]

[package.metadata]

[package.metadata.requires-dev]
dev = [
    { name = "black" },
    { name = "blinker" },
    { name = "click" },
    { name = "confluent-kafka" },
    { name = "devservices" },
    { name = "flake8" },
    { name = "flask" },
    { name = "milksnake" },
    { name = "msgpack" },
    { name = "mypy" },
    { name = "objectstore-client" },
    { name = "opentelemetry-proto" },
    { name = "packaging" },
    { name = "pre-commit" },
    { name = "pytest" },
    { name = "pytest-localserver" },
    { name = "pytest-sentry" },
    { name = "pytest-timeout" },
    { name = "pytest-xdist" },
    { name = "pyyaml" },
    { name = "redis" },
    { name = "requests" },
    { name = "sentry-protos" },
    { name = "sentry-sdk" },
    { name = "setuptools" },
    { name = "types-protobuf" },
    { name = "types-pyyaml" },
    { name = "types-redis" },
    { name = "types-requests" },
    { name = "types-setuptools" },
    { name = "werkzeug" },
    { name = "wheel" },
    { name = "zstandard" },
]

[[package]]
name = "requests"
version = "2.34.2"
source = { registry = "https://pypi.devinfra.sentry.io/simple" }
dependencies = [
    { name = "certifi" },
    { name = "charset-normalizer" },
    { name = "idna" },
    { name = "urllib3" },
]
wheels = [
    { url = "https://pypi.devinfra.sentry.io/wheels/requests-2.34.2-py3-none-any.whl", hash = "sha256:2a0d60c172f83ac6ab31e4554906c0f3b3588d37b5cb939b1c061f4907e278e0" },
]

[[package]]
name = "sentry-devenv"
version = "1.28.0"
source = { registry = "https://pypi.devinfra.sentry.io/simple" }
dependencies = [
    { name = "sentry-sdk" },
    { name = "typing-extensions" },
]
wheels = [
    { url = "https://pypi.devinfra.sentry.io/wheels/sentry_devenv-1.28.0-py3-none-any.whl", hash = "sha256:304b603c561c4a0a206c7d1346aebf8ec44e6175f44ecce0b9c1a5848fb3f7ca" },
]

[[package]]
name = "sentry-protos"
version = "0.43.0"
source = { registry = "https://pypi.devinfra.sentry.io/simple" }
dependencies = [
    { name = "grpc-stubs" },
    { name = "grpcio" },
    { name = "protobuf" },
]
wheels = [
    { url = "https://pypi.devinfra.sentry.io/wheels/sentry_protos-0.43.0-py3-none-any.whl", hash = "sha256:e8a896b91654fae1bd0e8b4c494b68badd2f89df989792642aea81e1fa988c33" },
]

[[package]]
name = "sentry-sdk"
version = "2.64.0"
source = { registry = "https://pypi.devinfra.sentry.io/simple" }
dependencies = [
    { name = "certifi" },
    { name = "urllib3" },
]
wheels = [
    { url = "https://pypi.devinfra.sentry.io/wheels/sentry_sdk-2.64.0-py3-none-any.whl", hash = "sha256:715ea91ca860a819e8d8a50a7bde3a80d0df3b4ed7b6660a20fb9a2d084188f1" },
]

[[package]]
name = "setuptools"
version = "80.10.2"
source = { registry = "https://pypi.devinfra.sentry.io/simple" }
wheels = [
    { url = "https://pypi.devinfra.sentry.io/wheels/setuptools-80.10.2-py3-none-any.whl", hash = "sha256:95b30ddfb717250edb492926c92b5221f7ef3fbcc2b07579bcd4a27da21d0173" },
]

[[package]]
name = "supervisor"
version = "4.2.5"
source = { registry = "https://pypi.devinfra.sentry.io/simple" }
dependencies = [
    { name = "setuptools" },
]
wheels = [
    { url = "https://pypi.devinfra.sentry.io/wheels/supervisor-4.2.5-py2.py3-none-any.whl", hash = "sha256:2ecaede32fc25af814696374b79e42644ecaba5c09494c51016ffda9602d0f08" },
]

[[package]]
name = "types-cffi"
version = "2.0.0.20260518"
source = { registry = "https://pypi.devinfra.sentry.io/simple" }
dependencies = [
    { name = "types-setuptools" },
]
wheels = [
    { url = "https://pypi.devinfra.sentry.io/wheels/types_cffi-2.0.0.20260518-py3-none-any.whl", hash = "sha256:5b68a215a95d0eac4203b58e766ff7fe40c2e091b1fa1a9e54111f04cc560084" },
]

[[package]]
name = "types-protobuf"
version = "6.30.2.20250703"
source = { registry = "https://pypi.devinfra.sentry.io/simple" }
wheels = [
    { url = "https://pypi.devinfra.sentry.io/wheels/types_protobuf-6.30.2.20250703-py3-none-any.whl", hash = "sha256:fa5aff9036e9ef432d703abbdd801b436a249b6802e4df5ef74513e272434e57" },
]

[[package]]
name = "types-pyopenssl"
version = "24.1.0.20240722"
source = { registry = "https://pypi.devinfra.sentry.io/simple" }
dependencies = [
    { name = "cryptography" },
    { name = "types-cffi" },
]
wheels = [
    { url = "https://pypi.devinfra.sentry.io/wheels/types_pyOpenSSL-24.1.0.20240722-py3-none-any.whl", hash = "sha256:6a7a5d2ec042537934cfb4c9d4deb0e16c4c6250b09358df1f083682fe6fda54" },
]

[[package]]
name = "types-pyyaml"
version = "6.0.12.20241230"
source = { registry = "https://pypi.devinfra.sentry.io/simple" }
wheels = [
    { url = "https://pypi.devinfra.sentry.io/wheels/types_PyYAML-6.0.12.20241230-py3-none-any.whl", hash = "sha256:fa4d32565219b68e6dee5f67534c722e53c00d1cfc09c435ef04d7353e1e96e6" },
]

[[package]]
name = "types-redis"
version = "4.6.0.20241004"
source = { registry = "https://pypi.devinfra.sentry.io/simple" }
dependencies = [
    { name = "cryptography" },
    { name = "types-pyopenssl" },
]
wheels = [
    { url = "https://pypi.devinfra.sentry.io/wheels/types_redis-4.6.0.20241004-py3-none-any.whl", hash = "sha256:ef5da68cb827e5f606c8f9c0b49eeee4c2669d6d97122f301d3a55dc6a63f6ed" },
]

[[package]]
name = "types-requests"
version = "2.32.4.20250611"
source = { registry = "https://pypi.devinfra.sentry.io/simple" }
dependencies = [
    { name = "urllib3" },
]
wheels = [
    { url = "https://pypi.devinfra.sentry.io/wheels/types_requests-2.32.4.20250611-py3-none-any.whl", hash = "sha256:ad2fe5d3b0cb3c2c902c8815a70e7fb2302c4b8c1f77bdcd738192cdb3878072" },
]

[[package]]
name = "types-setuptools"
version = "82.0.0.20260518"
source = { registry = "https://pypi.devinfra.sentry.io/simple" }
wheels = [
    { url = "https://pypi.devinfra.sentry.io/wheels/types_setuptools-82.0.0.20260518-py3-none-any.whl", hash = "sha256:31c04a62b57a653a5021caf191be0f10f70df890f813b51f02bab3969d300f20" },
]

[[package]]
name = "typing-extensions"
version = "4.15.0"
source = { registry = "https://pypi.devinfra.sentry.io/simple" }
wheels = [
    { url = "https://pypi.devinfra.sentry.io/wheels/typing_extensions-4.15.0-py3-none-any.whl", hash = "sha256:f0fa19c6845758ab08074a0cfa8b7aecb71c999ca73d62883bc25cc018c4e548" },
]

[[package]]
name = "urllib3"
version = "2.7.0"
source = { registry = "https://pypi.devinfra.sentry.io/simple" }
wheels = [
    { url = "https://pypi.devinfra.sentry.io/wheels/urllib3-2.7.0-py3-none-any.whl", hash = "sha256:9fb4c81ebbb1ce9531cce37674bbc6f1360472bc18ca9a553ede278ef7276897" },
]

[[package]]
name = "virtualenv"
version = "20.36.1"
source = { registry = "https://pypi.devinfra.sentry.io/simple" }
dependencies = [
    { name = "distlib" },
    { name = "filelock" },
    { name = "platformdirs" },
]
wheels = [
    { url = "https://pypi.devinfra.sentry.io/wheels/virtualenv-20.36.1-py3-none-any.whl", hash = "sha256:575a8d6b124ef88f6f51d56d656132389f961062a9177016a50e4f507bbcc19f" },
]

[[package]]
name = "werkzeug"
version = "3.1.6"
source = { registry = "https://pypi.devinfra.sentry.io/simple" }
dependencies = [
    { name = "markupsafe" },
]
wheels = [
    { url = "https://pypi.devinfra.sentry.io/wheels/werkzeug-3.1.6-py3-none-any.whl", hash = "sha256:7ddf3357bb9564e407607f988f683d72038551200c704012bb9a4c523d42f131" },
]

[[package]]
name = "wheel"
version = "0.46.3"
source = { registry = "https://pypi.devinfra.sentry.io/simple" }
dependencies = [
    { name = "packaging" },
]
wheels = [
    { url = "https://pypi.devinfra.sentry.io/wheels/wheel-0.46.3-py3-none-any.whl", hash = "sha256:4b399d56c9d9338230118d705d9737a2a468ccca63d5e813e2a4fc7815d8bc4d" },
]

[[package]]
name = "wrapt"
version = "1.17.2"
source = { registry = "https://pypi.devinfra.sentry.io/simple" }
wheels = [
    { url = "https://pypi.devinfra.sentry.io/wheels/wrapt-1.17.2-py3-none-any.whl", hash = "sha256:b18f2d1533a71f069c7f82d524a52599053d4c7166e9dd374ae2136b7f40f7c8" },
]

[[package]]
name = "zstandard"
version = "0.25.0"
source = { registry = "https://pypi.devinfra.sentry.io/simple" }
wheels = [
    { url = "https://pypi.devinfra.sentry.io/wheels/zstandard-0.25.0-cp314-cp314-macosx_11_0_arm64.whl", hash = "sha256:05df5136bc5a011f33cd25bc9f506e7426c0c9b3f9954f056831ce68f3b6689f" },
    { url = "https://pypi.devinfra.sentry.io/wheels/zstandard-0.25.0-cp314-cp314-manylinux2014_aarch64.manylinux_2_17_aarch64.manylinux_2_28_aarch64.whl", hash = "sha256:223415140608d0f0da010499eaa8ccdb9af210a543fac54bce15babbcfc78439" },
    { url = "https://pypi.devinfra.sentry.io/wheels/zstandard-0.25.0-cp314-cp314-manylinux2014_x86_64.manylinux_2_17_x86_64.manylinux_2_28_x86_64.whl", hash = "sha256:e09bb6252b6476d8d56100e8147b803befa9a12cea144bbe629dd508800d1ad0" },
]
