version = 1
revision = 3
requires-python = ">=3.13"
resolution-markers = [
    "(python_full_version >= '3.15' and sys_platform == 'darwin') or (python_full_version >= '3.15' and sys_platform == 'linux')",
    "(python_full_version < '3.15' and sys_platform == 'darwin') or (python_full_version < '3.15' and sys_platform == 'linux')",
]
supported-markers = [
    "sys_platform == 'darwin' or sys_platform == 'linux'",
]

[[package]]
name = "black"
version = "26.3.1"
source = { registry = "https://pypi.devinfra.sentry.io/simple" }
dependencies = [
    { name = "click", marker = "sys_platform == 'darwin' or sys_platform == 'linux'" },
    { name = "mypy-extensions", marker = "sys_platform == 'darwin' or sys_platform == 'linux'" },
    { name = "packaging", marker = "sys_platform == 'darwin' or sys_platform == 'linux'" },
    { name = "pathspec", marker = "sys_platform == 'darwin' or sys_platform == 'linux'" },
    { name = "platformdirs", marker = "sys_platform == 'darwin' or sys_platform == 'linux'" },
    { name = "pytokens", marker = "sys_platform == 'darwin' or sys_platform == 'linux'" },
]
wheels = [
    { url = "https://pypi.devinfra.sentry.io/wheels/black-26.3.1-cp313-cp313-macosx_11_0_arm64.whl", hash = "sha256:8a33d657f3276328ce00e4d37fe70361e1ec7614da5d7b6e78de5426cb56332f" },
    { url = "https://pypi.devinfra.sentry.io/wheels/black-26.3.1-cp313-cp313-manylinux2014_x86_64.manylinux_2_17_x86_64.manylinux_2_28_x86_64.whl", hash = "sha256:f1cd08e99d2f9317292a311dfe578fd2a24b15dbce97792f9c4d752275c1fa56" },
    { url = "https://pypi.devinfra.sentry.io/wheels/black-26.3.1-cp314-cp314-macosx_11_0_arm64.whl", hash = "sha256:f89f2ab047c76a9c03f78d0d66ca519e389519902fa27e7a91117ef7611c0568" },
    { url = "https://pypi.devinfra.sentry.io/wheels/black-26.3.1-cp314-cp314-manylinux2014_x86_64.manylinux_2_17_x86_64.manylinux_2_28_x86_64.whl", hash = "sha256:b07fc0dab849d24a80a29cfab8d8a19187d1c4685d8a5e6385a5ce323c1f015f" },
    { url = "https://pypi.devinfra.sentry.io/wheels/black-26.3.1-py3-none-any.whl", hash = "sha256:2bd5aa94fc267d38bb21a70d7410a89f1a1d318841855f698746f8e7f51acd1b" },
]

[[package]]
name = "blinker"
version = "1.9.0"
source = { registry = "https://pypi.devinfra.sentry.io/simple" }
wheels = [
    { url = "https://pypi.devinfra.sentry.io/wheels/blinker-1.9.0-py3-none-any.whl", hash = "sha256:ba0efaa9080b619ff2f3459d1d500c57bddea4a6b424b60a91141db6fd2f08bc" },
]

[[package]]
name = "certifi"
version = "2026.4.22"
source = { registry = "https://pypi.devinfra.sentry.io/simple" }
wheels = [
    { url = "https://pypi.devinfra.sentry.io/wheels/certifi-2026.4.22-py3-none-any.whl", hash = "sha256:3cb2210c8f88ba2318d29b0388d1023c8492ff72ecdde4ebdaddbb13a31b1c4a" },
]

[[package]]
name = "cffi"
version = "2.0.0"
source = { registry = "https://pypi.devinfra.sentry.io/simple" }
dependencies = [
    { name = "pycparser", marker = "(implementation_name != 'PyPy' and sys_platform == 'darwin') or (implementation_name != 'PyPy' and sys_platform == 'linux')" },
]
wheels = [
    { url = "https://pypi.devinfra.sentry.io/wheels/cffi-2.0.0-cp313-cp313-macosx_10_13_x86_64.whl", hash = "sha256:00bdf7acc5f795150faa6957054fbbca2439db2f775ce831222b66f192f03beb" },
    { url = "https://pypi.devinfra.sentry.io/wheels/cffi-2.0.0-cp313-cp313-macosx_11_0_arm64.whl", hash = "sha256:45d5e886156860dc35862657e1494b9bae8dfa63bf56796f2fb56e1679fc0bca" },
    { url = "https://pypi.devinfra.sentry.io/wheels/cffi-2.0.0-cp313-cp313-manylinux2014_aarch64.manylinux_2_17_aarch64.whl", hash = "sha256:d48a880098c96020b02d5a1f7d9251308510ce8858940e6fa99ece33f610838b" },
    { url = "https://pypi.devinfra.sentry.io/wheels/cffi-2.0.0-cp313-cp313-manylinux2014_x86_64.manylinux_2_17_x86_64.whl", hash = "sha256:c8d3b5532fc71b7a77c09192b4a5a200ea992702734a2e9279a37f2478236f26" },
    { url = "https://pypi.devinfra.sentry.io/wheels/cffi-2.0.0-cp314-cp314-macosx_11_0_arm64.whl", hash = "sha256:c654de545946e0db659b3400168c9ad31b5d29593291482c43e3564effbcee13" },
    { url = "https://pypi.devinfra.sentry.io/wheels/cffi-2.0.0-cp314-cp314-manylinux2014_aarch64.manylinux_2_17_aarch64.whl", hash = "sha256:24b6f81f1983e6df8db3adc38562c83f7d4a0c36162885ec7f7b77c7dcbec97b" },
    { url = "https://pypi.devinfra.sentry.io/wheels/cffi-2.0.0-cp314-cp314-manylinux2014_x86_64.manylinux_2_17_x86_64.whl", hash = "sha256:afb8db5439b81cf9c9d0c80404b60c3cc9c3add93e114dcae767f1477cb53775" },
]

[[package]]
name = "cfgv"
version = "3.4.0"
source = { registry = "https://pypi.devinfra.sentry.io/simple" }
wheels = [
    { url = "https://pypi.devinfra.sentry.io/wheels/cfgv-3.4.0-py2.py3-none-any.whl", hash = "sha256:b7265b1f29fd3316bfcd2b330d63d024f2bfd8bcb8b0272f8e19a504856c48f9" },
]

[[package]]
name = "charset-normalizer"
version = "3.4.7"
source = { registry = "https://pypi.devinfra.sentry.io/simple" }
wheels = [
    { url = "https://pypi.devinfra.sentry.io/wheels/charset_normalizer-3.4.7-cp313-cp313-macosx_10_13_universal2.whl", hash = "sha256:f496c9c3cc02230093d8330875c4c3cdfc3b73612a5fd921c65d39cbcef08063" },
    { url = "https://pypi.devinfra.sentry.io/wheels/charset_normalizer-3.4.7-cp313-cp313-manylinux2014_aarch64.manylinux_2_17_aarch64.manylinux_2_28_aarch64.whl", hash = "sha256:0ea948db76d31190bf08bd371623927ee1339d5f2a0b4b1b4a4439a65298703c" },
    { url = "https://pypi.devinfra.sentry.io/wheels/charset_normalizer-3.4.7-cp313-cp313-manylinux2014_x86_64.manylinux_2_17_x86_64.manylinux_2_28_x86_64.whl", hash = "sha256:e044c39e41b92c845bc815e5ae4230804e8e7bc29e399b0437d64222d92809dd" },
    { url = "https://pypi.devinfra.sentry.io/wheels/charset_normalizer-3.4.7-cp314-cp314-macosx_10_15_universal2.whl", hash = "sha256:c36c333c39be2dbca264d7803333c896ab8fa7d4d6f0ab7edb7dfd7aea6e98c0" },
    { url = "https://pypi.devinfra.sentry.io/wheels/charset_normalizer-3.4.7-cp314-cp314-manylinux2014_aarch64.manylinux_2_17_aarch64.manylinux_2_28_aarch64.whl", hash = "sha256:1c2aed2e5e41f24ea8ef1590b8e848a79b56f3a5564a65ceec43c9d692dc7d8a" },
    { url = "https://pypi.devinfra.sentry.io/wheels/charset_normalizer-3.4.7-cp314-cp314-manylinux2014_x86_64.manylinux_2_17_x86_64.manylinux_2_28_x86_64.whl", hash = "sha256:bd6c2a1c7573c64738d716488d2cdd3c00e340e4835707d8fdb8dc1a66ef164e" },
]

[[package]]
name = "click"
version = "8.3.1"
source = { registry = "https://pypi.devinfra.sentry.io/simple" }
wheels = [
    { url = "https://pypi.devinfra.sentry.io/wheels/click-8.3.1-py3-none-any.whl", hash = "sha256:981153a64e25f12d547d3426c367a4857371575ee7ad18df2a6183ab0545b2a6" },
]

[[package]]
name = "confluent-kafka"
version = "2.13.2"
source = { registry = "https://pypi.devinfra.sentry.io/simple" }
wheels = [
    { url = "https://pypi.devinfra.sentry.io/wheels/confluent_kafka-2.13.2-cp313-cp313-macosx_13_0_arm64.whl", hash = "sha256:02702808dd3cfd91f117fbf17181da2a95392967e9f946b1cbdc5589b36e39d1" },
    { url = "https://pypi.devinfra.sentry.io/wheels/confluent_kafka-2.13.2-cp313-cp313-manylinux_2_28_aarch64.whl", hash = "sha256:f3e6d010ad38447a48e0f9fab81edd4d2fd0b5f5a79ab475c30347689e35c6e6" },
    { url = "https://pypi.devinfra.sentry.io/wheels/confluent_kafka-2.13.2-cp313-cp313-manylinux_2_28_x86_64.whl", hash = "sha256:9161865d8246eb77d1c30233a315bdad96145af783981877664532fa212f56be" },
    { url = "https://pypi.devinfra.sentry.io/wheels/confluent_kafka-2.13.2-cp314-cp314-macosx_13_0_arm64.whl", hash = "sha256:9cb0d6820107deca1823d68b96831bd982d0a11c4e6bcf0a12e8040192c48a8f" },
    { url = "https://pypi.devinfra.sentry.io/wheels/confluent_kafka-2.13.2-cp314-cp314-manylinux_2_28_aarch64.whl", hash = "sha256:f09adb42fb898a0b3a88b02e77bee472e93f758258945386c77864016b4e4efc" },
    { url = "https://pypi.devinfra.sentry.io/wheels/confluent_kafka-2.13.2-cp314-cp314-manylinux_2_28_x86_64.whl", hash = "sha256:fa3be1fe231e06b2c7501fa3641b30ea90ea17be79ca89806eef22ff34ed106c" },
]

[[package]]
name = "cryptography"
version = "47.0.0"
source = { registry = "https://pypi.devinfra.sentry.io/simple" }
dependencies = [
    { name = "cffi", marker = "(platform_python_implementation != 'PyPy' and sys_platform == 'darwin') or (platform_python_implementation != 'PyPy' and sys_platform == 'linux')" },
]
wheels = [
    { url = "https://pypi.devinfra.sentry.io/wheels/cryptography-47.0.0-cp311-abi3-macosx_10_9_universal2.whl", hash = "sha256:160ad728f128972d362e714054f6ba0067cab7fb350c5202a9ae8ae4ce3ef1a0" },
    { url = "https://pypi.devinfra.sentry.io/wheels/cryptography-47.0.0-cp311-abi3-manylinux_2_28_aarch64.whl", hash = "sha256:9c59ab0e0fa3a180a5a9c59f3a5abe3ef90d474bc56d7fadfbe80359491b615b" },
    { url = "https://pypi.devinfra.sentry.io/wheels/cryptography-47.0.0-cp311-abi3-manylinux_2_28_x86_64.whl", hash = "sha256:0024b87d47ae2399165a6bfb20d24888881eeab83ae2566d62467c5ff0030ce7" },
]

[[package]]
name = "devservices"
version = "1.3.2"
source = { registry = "https://pypi.devinfra.sentry.io/simple" }
dependencies = [
    { name = "packaging", marker = "sys_platform == 'darwin' or sys_platform == 'linux'" },
    { name = "pyyaml", marker = "sys_platform == 'darwin' or sys_platform == 'linux'" },
    { name = "sentry-devenv", marker = "sys_platform == 'darwin' or sys_platform == 'linux'" },
    { name = "sentry-sdk", marker = "sys_platform == 'darwin' or sys_platform == 'linux'" },
    { name = "supervisor", marker = "sys_platform == 'darwin' or sys_platform == 'linux'" },
]
wheels = [
    { url = "https://pypi.devinfra.sentry.io/wheels/devservices-1.3.2-py3-none-any.whl", hash = "sha256:70b92e0baea17a52895198259121419d687dcab1e520b0509de7c2ed90c6058c" },
]

[[package]]
name = "distlib"
version = "0.4.0"
source = { registry = "https://pypi.devinfra.sentry.io/simple" }
wheels = [
    { url = "https://pypi.devinfra.sentry.io/wheels/distlib-0.4.0-py2.py3-none-any.whl", hash = "sha256:9659f7d87e46584a30b5780e43ac7a2143098441670ff0a49d5f9034c54a6c16" },
]

[[package]]
name = "execnet"
version = "2.0.2"
source = { registry = "https://pypi.devinfra.sentry.io/simple" }
wheels = [
    { url = "https://pypi.devinfra.sentry.io/wheels/execnet-2.0.2-py3-none-any.whl", hash = "sha256:88256416ae766bc9e8895c76a87928c0012183da3cc4fc18016e6f050e025f41" },
]

[[package]]
name = "filelock"
version = "3.20.3"
source = { registry = "https://pypi.devinfra.sentry.io/simple" }
wheels = [
    { url = "https://pypi.devinfra.sentry.io/wheels/filelock-3.20.3-py3-none-any.whl", hash = "sha256:4b0dda527ee31078689fc205ec4f1c1bf7d56cf88b6dc9426c4f230e46c2dce1" },
]

[[package]]
name = "filetype"
version = "1.2.0"
source = { registry = "https://pypi.devinfra.sentry.io/simple" }
wheels = [
    { url = "https://pypi.devinfra.sentry.io/wheels/filetype-1.2.0-py2.py3-none-any.whl", hash = "sha256:7ce71b6880181241cf7ac8697a2f1eb6a8bd9b429f7ad6d27b8db9ba5f1c2d25" },
]

[[package]]
name = "flake8"
version = "7.3.0"
source = { registry = "https://pypi.devinfra.sentry.io/simple" }
dependencies = [
    { name = "mccabe", marker = "sys_platform == 'darwin' or sys_platform == 'linux'" },
    { name = "pycodestyle", marker = "sys_platform == 'darwin' or sys_platform == 'linux'" },
    { name = "pyflakes", marker = "sys_platform == 'darwin' or sys_platform == 'linux'" },
]
wheels = [
    { url = "https://pypi.devinfra.sentry.io/wheels/flake8-7.3.0-py2.py3-none-any.whl", hash = "sha256:b9696257b9ce8beb888cdbe31cf885c90d31928fe202be0889a7cdafad32f01e" },
]

[[package]]
name = "flask"
version = "3.1.3"
source = { registry = "https://pypi.devinfra.sentry.io/simple" }
dependencies = [
    { name = "blinker", marker = "sys_platform == 'darwin' or sys_platform == 'linux'" },
    { name = "click", marker = "sys_platform == 'darwin' or sys_platform == 'linux'" },
    { name = "itsdangerous", marker = "sys_platform == 'darwin' or sys_platform == 'linux'" },
    { name = "jinja2", marker = "sys_platform == 'darwin' or sys_platform == 'linux'" },
    { name = "markupsafe", marker = "sys_platform == 'darwin' or sys_platform == 'linux'" },
    { name = "werkzeug", marker = "sys_platform == 'darwin' or sys_platform == 'linux'" },
]
wheels = [
    { url = "https://pypi.devinfra.sentry.io/wheels/flask-3.1.3-py3-none-any.whl", hash = "sha256:f4bcbefc124291925f1a26446da31a5178f9483862233b23c0c96a20701f670c" },
]

[[package]]
name = "grpc-stubs"
version = "1.53.0.6"
source = { registry = "https://pypi.devinfra.sentry.io/simple" }
dependencies = [
    { name = "grpcio", marker = "sys_platform == 'darwin' or sys_platform == 'linux'" },
]
wheels = [
    { url = "https://pypi.devinfra.sentry.io/wheels/grpc_stubs-1.53.0.6-py3-none-any.whl", hash = "sha256:3ffc5a6b5bd84ac46f3d84e2434e97936c1262b47b71b462bdedc43caaf227e1" },
]

[[package]]
name = "grpcio"
version = "1.75.1"
source = { registry = "https://pypi.devinfra.sentry.io/simple" }
dependencies = [
    { name = "typing-extensions", marker = "sys_platform == 'darwin' or sys_platform == 'linux'" },
]
wheels = [
    { url = "https://pypi.devinfra.sentry.io/wheels/grpcio-1.75.1-cp313-cp313-macosx_11_0_universal2.whl", hash = "sha256:5b8f381eadcd6ecaa143a21e9e80a26424c76a0a9b3d546febe6648f3a36a5ac" },
    { url = "https://pypi.devinfra.sentry.io/wheels/grpcio-1.75.1-cp313-cp313-manylinux2014_aarch64.manylinux_2_17_aarch64.whl", hash = "sha256:5bf4001d3293e3414d0cf99ff9b1139106e57c3a66dfff0c5f60b2a6286ec133" },
    { url = "https://pypi.devinfra.sentry.io/wheels/grpcio-1.75.1-cp313-cp313-manylinux2014_x86_64.manylinux_2_17_x86_64.whl", hash = "sha256:0ee119f4f88d9f75414217823d21d75bfe0e6ed40135b0cbbfc6376bc9f7757d" },
    { url = "https://pypi.devinfra.sentry.io/wheels/grpcio-1.75.1-cp314-cp314-macosx_11_0_universal2.whl", hash = "sha256:06373a94fd16ec287116a825161dca179a0402d0c60674ceeec8c9fba344fe66" },
    { url = "https://pypi.devinfra.sentry.io/wheels/grpcio-1.75.1-cp314-cp314-manylinux2014_aarch64.manylinux_2_17_aarch64.whl", hash = "sha256:4484f4b7287bdaa7a5b3980f3c7224c3c622669405d20f69549f5fb956ad0421" },
    { url = "https://pypi.devinfra.sentry.io/wheels/grpcio-1.75.1-cp314-cp314-manylinux2014_x86_64.manylinux_2_17_x86_64.whl", hash = "sha256:07a554fa31c668cf0e7a188678ceeca3cb8fead29bbe455352e712ec33ca701c" },
]

[[package]]
name = "identify"
version = "2.6.9"
source = { registry = "https://pypi.devinfra.sentry.io/simple" }
wheels = [
    { url = "https://pypi.devinfra.sentry.io/wheels/identify-2.6.9-py2.py3-none-any.whl", hash = "sha256:c98b4322da415a8e5a70ff6e51fbc2d2932c015532d77e9f8537b4ba7813b150" },
]

[[package]]
name = "idna"
version = "3.13"
source = { registry = "https://pypi.devinfra.sentry.io/simple" }
wheels = [
    { url = "https://pypi.devinfra.sentry.io/wheels/idna-3.13-py3-none-any.whl", hash = "sha256:892ea0cde124a99ce773decba204c5552b69c3c67ffd5f232eb7696135bc8bb3" },
]

[[package]]
name = "iniconfig"
version = "2.3.0"
source = { registry = "https://pypi.devinfra.sentry.io/simple" }
wheels = [
    { url = "https://pypi.devinfra.sentry.io/wheels/iniconfig-2.3.0-py3-none-any.whl", hash = "sha256:f631c04d2c48c52b84d0d0549c99ff3859c98df65b3101406327ecc7d53fbf12" },
]

[[package]]
name = "itsdangerous"
version = "2.2.0"
source = { registry = "https://pypi.devinfra.sentry.io/simple" }
wheels = [
    { url = "https://pypi.devinfra.sentry.io/wheels/itsdangerous-2.2.0-py3-none-any.whl", hash = "sha256:c6242fc49e35958c8b15141343aa660db5fc54d4f13a1db01a3f5891b98700ef" },
]

[[package]]
name = "jinja2"
version = "3.1.6"
source = { registry = "https://pypi.devinfra.sentry.io/simple" }
dependencies = [
    { name = "markupsafe", marker = "sys_platform == 'darwin' or sys_platform == 'linux'" },
]
wheels = [
    { url = "https://pypi.devinfra.sentry.io/wheels/jinja2-3.1.6-py3-none-any.whl", hash = "sha256:85ece4451f492d0c13c5dd7c13a64681a86afae63a5f347908daf103ce6d2f67" },
]

[[package]]
name = "librt"
version = "0.9.0"
source = { registry = "https://pypi.devinfra.sentry.io/simple" }
wheels = [
    { url = "https://pypi.devinfra.sentry.io/wheels/librt-0.9.0-cp313-cp313-macosx_11_0_arm64.whl", hash = "sha256:7d5c8a5929ac325729f6119802070b561f4db793dffc45e9ac750992a4ed4d22" },
    { url = "https://pypi.devinfra.sentry.io/wheels/librt-0.9.0-cp313-cp313-manylinux2014_aarch64.manylinux_2_17_aarch64.manylinux_2_28_aarch64.whl", hash = "sha256:2b8f5d00b49818f4e2b1667db994488b045835e0ac16fe2f924f3871bd2b8ac5" },
    { url = "https://pypi.devinfra.sentry.io/wheels/librt-0.9.0-cp313-cp313-manylinux2014_x86_64.manylinux_2_17_x86_64.manylinux_2_28_x86_64.whl", hash = "sha256:c81aef782380f0f13ead670aae01825eb653b44b046aa0e5ebbb79f76ed4aa11" },
    { url = "https://pypi.devinfra.sentry.io/wheels/librt-0.9.0-cp314-cp314-macosx_11_0_arm64.whl", hash = "sha256:1c587494461ebd42229d0f1739f3aa34237dd9980623ecf1be8d3bcba79f4499" },
    { url = "https://pypi.devinfra.sentry.io/wheels/librt-0.9.0-cp314-cp314-manylinux2014_aarch64.manylinux_2_17_aarch64.manylinux_2_28_aarch64.whl", hash = "sha256:f38bc489037eca88d6ebefc9c4d41a4e07c8e8b4de5188a9e6d290273ad7ebb1" },
    { url = "https://pypi.devinfra.sentry.io/wheels/librt-0.9.0-cp314-cp314-manylinux2014_x86_64.manylinux_2_17_x86_64.manylinux_2_28_x86_64.whl", hash = "sha256:f3fd278f5e6bf7c75ccd6d12344eb686cc020712683363b66f46ac79d37c799f" },
]

[[package]]
name = "markupsafe"
version = "3.0.3"
source = { registry = "https://pypi.devinfra.sentry.io/simple" }
wheels = [
    { url = "https://pypi.devinfra.sentry.io/wheels/markupsafe-3.0.3-cp313-cp313-macosx_11_0_arm64.whl", hash = "sha256:116bb52f642a37c115f517494ea5feb03889e04df47eeff5b130b1808ce7c219" },
    { url = "https://pypi.devinfra.sentry.io/wheels/markupsafe-3.0.3-cp313-cp313-manylinux2014_aarch64.manylinux_2_17_aarch64.manylinux_2_28_aarch64.whl", hash = "sha256:133a43e73a802c5562be9bbcd03d090aa5a1fe899db609c29e8c8d815c5f6de6" },
    { url = "https://pypi.devinfra.sentry.io/wheels/markupsafe-3.0.3-cp313-cp313-manylinux2014_x86_64.manylinux_2_17_x86_64.manylinux_2_28_x86_64.whl", hash = "sha256:ccfcd093f13f0f0b7fdd0f198b90053bf7b2f02a3927a30e63f3ccc9df56b676" },
    { url = "https://pypi.devinfra.sentry.io/wheels/markupsafe-3.0.3-cp314-cp314-macosx_11_0_arm64.whl", hash = "sha256:c47a551199eb8eb2121d4f0f15ae0f923d31350ab9280078d1e5f12b249e0026" },
    { url = "https://pypi.devinfra.sentry.io/wheels/markupsafe-3.0.3-cp314-cp314-manylinux2014_aarch64.manylinux_2_17_aarch64.manylinux_2_28_aarch64.whl", hash = "sha256:f34c41761022dd093b4b6896d4810782ffbabe30f2d443ff5f083e0cbbb8c737" },
    { url = "https://pypi.devinfra.sentry.io/wheels/markupsafe-3.0.3-cp314-cp314-manylinux2014_x86_64.manylinux_2_17_x86_64.manylinux_2_28_x86_64.whl", hash = "sha256:457a69a9577064c05a97c41f4e65148652db078a3a509039e64d3467b9e7ef97" },
]

[[package]]
name = "mccabe"
version = "0.7.0"
source = { registry = "https://pypi.devinfra.sentry.io/simple" }
wheels = [
    { url = "https://pypi.devinfra.sentry.io/wheels/mccabe-0.7.0-py2.py3-none-any.whl", hash = "sha256:6c2d30ab6be0e4a46919781807b4f0d834ebdd6c6e3dca0bda5a15f863427b6e" },
]

[[package]]
name = "milksnake"
version = "0.1.6"
source = { registry = "https://pypi.devinfra.sentry.io/simple" }
dependencies = [
    { name = "cffi", marker = "sys_platform == 'darwin' or sys_platform == 'linux'" },
]
wheels = [
    { url = "https://pypi.devinfra.sentry.io/wheels/milksnake-0.1.6-py2.py3-none-any.whl", hash = "sha256:31e3eafaf2a48e177bb4b2dacef2c7ae8c5b2147a19c6d626209b819490e6f1d" },
]

[[package]]
name = "msgpack"
version = "1.1.1"
source = { registry = "https://pypi.devinfra.sentry.io/simple" }
wheels = [
    { url = "https://pypi.devinfra.sentry.io/wheels/msgpack-1.1.1-cp313-cp313-macosx_10_13_x86_64.whl", hash = "sha256:3765afa6bd4832fc11c3749be4ba4b69a0e8d7b728f78e68120a157a4c5d41f0" },
    { url = "https://pypi.devinfra.sentry.io/wheels/msgpack-1.1.1-cp313-cp313-macosx_11_0_arm64.whl", hash = "sha256:8ddb2bcfd1a8b9e431c8d6f4f7db0773084e107730ecf3472f1dfe9ad583f3d9" },
    { url = "https://pypi.devinfra.sentry.io/wheels/msgpack-1.1.1-cp313-cp313-manylinux_2_17_aarch64.manylinux2014_aarch64.whl", hash = "sha256:196a736f0526a03653d829d7d4c5500a97eea3648aebfd4b6743875f28aa2af8" },
    { url = "https://pypi.devinfra.sentry.io/wheels/msgpack-1.1.1-cp313-cp313-manylinux_2_17_x86_64.manylinux2014_x86_64.whl", hash = "sha256:9d592d06e3cc2f537ceeeb23d38799c6ad83255289bb84c2e5792e5a8dea268a" },
    { url = "https://pypi.devinfra.sentry.io/wheels/msgpack-1.1.1-cp314-cp314-macosx_11_0_arm64.whl", hash = "sha256:9bef030f66d0376aba8aed8e3fe05eab09abef8b6afe27182fac4ffd87168dcf" },
    { url = "https://pypi.devinfra.sentry.io/wheels/msgpack-1.1.1-cp314-cp314-manylinux_2_17_aarch64.manylinux2014_aarch64.manylinux_2_31_aarch64.whl", hash = "sha256:cb8908c79b04884a6a6cfdf8b239380fb485b8dd61ae25a8bffb28ca00fb4361" },
    { url = "https://pypi.devinfra.sentry.io/wheels/msgpack-1.1.1-cp314-cp314-manylinux_2_17_x86_64.manylinux2014_x86_64.manylinux_2_31_x86_64.whl", hash = "sha256:e4b09afd7f8c72549735d183cf973890ef3b6f0dcf6148d5572a646b2f29b169" },
]

[[package]]
name = "mypy"
version = "1.20.2"
source = { registry = "https://pypi.devinfra.sentry.io/simple" }
dependencies = [
    { name = "librt", marker = "(platform_python_implementation != 'PyPy' and sys_platform == 'darwin') or (platform_python_implementation != 'PyPy' and sys_platform == 'linux')" },
    { name = "mypy-extensions", marker = "sys_platform == 'darwin' or sys_platform == 'linux'" },
    { name = "pathspec", marker = "sys_platform == 'darwin' or sys_platform == 'linux'" },
    { name = "typing-extensions", marker = "sys_platform == 'darwin' or sys_platform == 'linux'" },
]
wheels = [
    { url = "https://pypi.devinfra.sentry.io/wheels/mypy-1.20.2-cp313-cp313-macosx_11_0_arm64.whl", hash = "sha256:e2877a02380adfcdbc69071a0f74d6e9dbbf593c0dc9d174e1f223ffd5281943" },
    { url = "https://pypi.devinfra.sentry.io/wheels/mypy-1.20.2-cp313-cp313-manylinux2014_aarch64.manylinux_2_17_aarch64.manylinux_2_28_aarch64.whl", hash = "sha256:7488448de6007cd5177c6cea0517ac33b4c0f5ee9b5e9f2be51ce75511a85517" },
    { url = "https://pypi.devinfra.sentry.io/wheels/mypy-1.20.2-cp313-cp313-manylinux2014_x86_64.manylinux_2_17_x86_64.manylinux_2_28_x86_64.whl", hash = "sha256:bb9c2fa06887e21d6a3a868762acb82aec34e2c6fd0174064f27c93ede68ad15" },
    { url = "https://pypi.devinfra.sentry.io/wheels/mypy-1.20.2-cp314-cp314-macosx_11_0_arm64.whl", hash = "sha256:e73c07f23009962885c197ccb9b41356a30cc0e5a1d0c2ea8fd8fb1362d7f924" },
    { url = "https://pypi.devinfra.sentry.io/wheels/mypy-1.20.2-cp314-cp314-manylinux2014_aarch64.manylinux_2_17_aarch64.manylinux_2_28_aarch64.whl", hash = "sha256:0c64e5973df366b747646fc98da921f9d6eba9716d57d1db94a83c026a08e0fb" },
    { url = "https://pypi.devinfra.sentry.io/wheels/mypy-1.20.2-cp314-cp314-manylinux2014_x86_64.manylinux_2_17_x86_64.manylinux_2_28_x86_64.whl", hash = "sha256:5a65aa591af023864fd08a97da9974e919452cfe19cb146c8a5dc692626445dc" },
]

[[package]]
name = "mypy-extensions"
version = "1.1.0"
source = { registry = "https://pypi.devinfra.sentry.io/simple" }
wheels = [
    { url = "https://pypi.devinfra.sentry.io/wheels/mypy_extensions-1.1.0-py3-none-any.whl", hash = "sha256:1be4cccdb0f2482337c4743e60421de3a356cd97508abadd57d47403e94f5505" },
]

[[package]]
name = "nodeenv"
version = "1.9.1"
source = { registry = "https://pypi.devinfra.sentry.io/simple" }
wheels = [
    { url = "https://pypi.devinfra.sentry.io/wheels/nodeenv-1.9.1-py2.py3-none-any.whl", hash = "sha256:ba11c9782d29c27c70ffbdda2d7415098754709be8a7056d79a737cd901155c9" },
]

[[package]]
name = "objectstore-client"
version = "0.1.8"
source = { registry = "https://pypi.devinfra.sentry.io/simple" }
dependencies = [
    { name = "filetype", marker = "sys_platform == 'darwin' or sys_platform == 'linux'" },
    { name = "pyjwt", extra = ["crypto"], marker = "sys_platform == 'darwin' or sys_platform == 'linux'" },
    { name = "sentry-sdk", marker = "sys_platform == 'darwin' or sys_platform == 'linux'" },
    { name = "urllib3", marker = "sys_platform == 'darwin' or sys_platform == 'linux'" },
    { name = "zstandard", marker = "sys_platform == 'darwin' or sys_platform == 'linux'" },
]
wheels = [
    { url = "https://pypi.devinfra.sentry.io/wheels/objectstore_client-0.1.8-py3-none-any.whl", hash = "sha256:dbf231f84fda0affb64141bfb2934c9d019402e32dc5b5b35db263ac78def9b4" },
]

[[package]]
name = "opentelemetry-proto"
version = "1.32.1"
source = { registry = "https://pypi.devinfra.sentry.io/simple" }
dependencies = [
    { name = "protobuf", marker = "sys_platform == 'darwin' or sys_platform == 'linux'" },
]
wheels = [
    { url = "https://pypi.devinfra.sentry.io/wheels/opentelemetry_proto-1.32.1-py3-none-any.whl", hash = "sha256:fe56df31033ab0c40af7525f8bf4c487313377bbcfdf94184b701a8ccebc800e" },
]

[[package]]
name = "packaging"
version = "26.0"
source = { registry = "https://pypi.devinfra.sentry.io/simple" }
wheels = [
    { url = "https://pypi.devinfra.sentry.io/wheels/packaging-26.0-py3-none-any.whl", hash = "sha256:b36f1fef9334a5588b4166f8bcd26a14e521f2b55e6b9de3aaa80d3ff7a37529" },
]

[[package]]
name = "pathspec"
version = "1.0.4"
source = { registry = "https://pypi.devinfra.sentry.io/simple" }
wheels = [
    { url = "https://pypi.devinfra.sentry.io/wheels/pathspec-1.0.4-py3-none-any.whl", hash = "sha256:fb6ae2fd4e7c921a165808a552060e722767cfa526f99ca5156ed2ce45a5c723" },
]

[[package]]
name = "platformdirs"
version = "4.9.4"
source = { registry = "https://pypi.devinfra.sentry.io/simple" }
wheels = [
    { url = "https://pypi.devinfra.sentry.io/wheels/platformdirs-4.9.4-py3-none-any.whl", hash = "sha256:68a9a4619a666ea6439f2ff250c12a853cd1cbd5158d258bd824a7df6be2f868" },
]

[[package]]
name = "pluggy"
version = "1.6.0"
source = { registry = "https://pypi.devinfra.sentry.io/simple" }
wheels = [
    { url = "https://pypi.devinfra.sentry.io/wheels/pluggy-1.6.0-py3-none-any.whl", hash = "sha256:e920276dd6813095e9377c0bc5566d94c932c33b27a3e3945d8389c374dd4746" },
]

[[package]]
name = "pre-commit"
version = "4.2.0"
source = { registry = "https://pypi.devinfra.sentry.io/simple" }
dependencies = [
    { name = "cfgv", marker = "sys_platform == 'darwin' or sys_platform == 'linux'" },
    { name = "identify", marker = "sys_platform == 'darwin' or sys_platform == 'linux'" },
    { name = "nodeenv", marker = "sys_platform == 'darwin' or sys_platform == 'linux'" },
    { name = "pyyaml", marker = "sys_platform == 'darwin' or sys_platform == 'linux'" },
    { name = "virtualenv", marker = "sys_platform == 'darwin' or sys_platform == 'linux'" },
]
wheels = [
    { url = "https://pypi.devinfra.sentry.io/wheels/pre_commit-4.2.0-py2.py3-none-any.whl", hash = "sha256:a009ca7205f1eb497d10b845e52c838a98b6cdd2102a6c8e4540e94ee75c58bd" },
]

[[package]]
name = "protobuf"
version = "5.29.6"
source = { registry = "https://pypi.devinfra.sentry.io/simple" }
wheels = [
    { url = "https://pypi.devinfra.sentry.io/wheels/protobuf-5.29.6-cp38-abi3-macosx_10_9_universal2.whl", hash = "sha256:b5a169e664b4057183a34bdc424540e86eea47560f3c123a0d64de4e137f9269" },
    { url = "https://pypi.devinfra.sentry.io/wheels/protobuf-5.29.6-cp38-abi3-manylinux2014_aarch64.whl", hash = "sha256:a8866b2cff111f0f863c1b3b9e7572dc7eaea23a7fae27f6fc613304046483e6" },
    { url = "https://pypi.devinfra.sentry.io/wheels/protobuf-5.29.6-cp38-abi3-manylinux2014_x86_64.whl", hash = "sha256:e3387f44798ac1106af0233c04fb8abf543772ff241169946f698b3a9a3d3ab9" },
]

[[package]]
name = "pycodestyle"
version = "2.14.0"
source = { registry = "https://pypi.devinfra.sentry.io/simple" }
wheels = [
    { url = "https://pypi.devinfra.sentry.io/wheels/pycodestyle-2.14.0-py2.py3-none-any.whl", hash = "sha256:dd6bf7cb4ee77f8e016f9c8e74a35ddd9f67e1d5fd4184d86c3b98e07099f42d" },
]

[[package]]
name = "pycparser"
version = "3.0"
source = { registry = "https://pypi.devinfra.sentry.io/simple" }
wheels = [
    { url = "https://pypi.devinfra.sentry.io/wheels/pycparser-3.0-py3-none-any.whl", hash = "sha256:b727414169a36b7d524c1c3e31839a521725078d7b2ff038656844266160a992" },
]

[[package]]
name = "pyflakes"
version = "3.4.0"
source = { registry = "https://pypi.devinfra.sentry.io/simple" }
wheels = [
    { url = "https://pypi.devinfra.sentry.io/wheels/pyflakes-3.4.0-py2.py3-none-any.whl", hash = "sha256:f742a7dbd0d9cb9ea41e9a24a918996e8170c799fa528688d40dd582c8265f4f" },
]

[[package]]
name = "pygments"
version = "2.20.0"
source = { registry = "https://pypi.devinfra.sentry.io/simple" }
wheels = [
    { url = "https://pypi.devinfra.sentry.io/wheels/pygments-2.20.0-py3-none-any.whl", hash = "sha256:81a9e26dd42fd28a23a2d169d86d7ac03b46e2f8b59ed4698fb4785f946d0176" },
]

[[package]]
name = "pyjwt"
version = "2.12.1"
source = { registry = "https://pypi.devinfra.sentry.io/simple" }
wheels = [
    { url = "https://pypi.devinfra.sentry.io/wheels/pyjwt-2.12.1-py3-none-any.whl", hash = "sha256:28ca37c070cad8ba8cd9790cd940535d40274d22f80ab87f3ac6a713e6e8454c" },
]

[package.optional-dependencies]
crypto = [
    { name = "cryptography", marker = "sys_platform == 'darwin' or sys_platform == 'linux'" },
]

[[package]]
name = "pytest"
version = "9.0.3"
source = { registry = "https://pypi.devinfra.sentry.io/simple" }
dependencies = [
    { name = "iniconfig", marker = "sys_platform == 'darwin' or sys_platform == 'linux'" },
    { name = "packaging", marker = "sys_platform == 'darwin' or sys_platform == 'linux'" },
    { name = "pluggy", marker = "sys_platform == 'darwin' or sys_platform == 'linux'" },
    { name = "pygments", marker = "sys_platform == 'darwin' or sys_platform == 'linux'" },
]
wheels = [
    { url = "https://pypi.devinfra.sentry.io/wheels/pytest-9.0.3-py3-none-any.whl", hash = "sha256:2c5efc453d45394fdd706ade797c0a81091eccd1d6e4bccfcd476e2b8e0ab5d9" },
]

[[package]]
name = "pytest-localserver"
version = "0.8.1"
source = { registry = "https://pypi.devinfra.sentry.io/simple" }
dependencies = [
    { name = "werkzeug", marker = "sys_platform == 'darwin' or sys_platform == 'linux'" },
]
wheels = [
    { url = "https://pypi.devinfra.sentry.io/wheels/pytest_localserver-0.8.1-py3-none-any.whl", hash = "sha256:13bc3d9aca719a60a2d1e535c5f0a58c7c1c2ad749f6e9cf198a358f5345e1d0" },
]

[[package]]
name = "pytest-sentry"
version = "0.3.3"
source = { registry = "https://pypi.devinfra.sentry.io/simple" }
dependencies = [
    { name = "pytest", marker = "sys_platform == 'darwin' or sys_platform == 'linux'" },
    { name = "sentry-sdk", marker = "sys_platform == 'darwin' or sys_platform == 'linux'" },
    { name = "wrapt", marker = "sys_platform == 'darwin' or sys_platform == 'linux'" },
]
wheels = [
    { url = "https://pypi.devinfra.sentry.io/wheels/pytest_sentry-0.3.3-py3-none-any.whl", hash = "sha256:acf2b76cf5eb3213371f5d29868dab0e35e0653012d5e87af9da82f043cdfb87" },
]

[[package]]
name = "pytest-timeout"
version = "2.2.0"
source = { registry = "https://pypi.devinfra.sentry.io/simple" }
dependencies = [
    { name = "pytest", marker = "sys_platform == 'darwin' or sys_platform == 'linux'" },
]
wheels = [
    { url = "https://pypi.devinfra.sentry.io/wheels/pytest_timeout-2.2.0-py3-none-any.whl", hash = "sha256:bde531e096466f49398a59f2dde76fa78429a09a12411466f88a07213e220de2" },
]

[[package]]
name = "pytest-xdist"
version = "3.5.0"
source = { registry = "https://pypi.devinfra.sentry.io/simple" }
dependencies = [
    { name = "execnet", marker = "sys_platform == 'darwin' or sys_platform == 'linux'" },
    { name = "pytest", marker = "sys_platform == 'darwin' or sys_platform == 'linux'" },
]
wheels = [
    { url = "https://pypi.devinfra.sentry.io/wheels/pytest_xdist-3.5.0-py3-none-any.whl", hash = "sha256:d075629c7e00b611df89f490a5063944bee7a4362a5ff11c7cc7824a03dfce24" },
]

[[package]]
name = "pytokens"
version = "0.4.1"
source = { registry = "https://pypi.devinfra.sentry.io/simple" }
wheels = [
    { url = "https://pypi.devinfra.sentry.io/wheels/pytokens-0.4.1-cp313-cp313-macosx_11_0_arm64.whl", hash = "sha256:8bdb9d0ce90cbf99c525e75a2fa415144fd570a1ba987380190e8b786bc6ef9b" },
    { url = "https://pypi.devinfra.sentry.io/wheels/pytokens-0.4.1-cp313-cp313-manylinux2014_aarch64.manylinux_2_17_aarch64.manylinux_2_28_aarch64.whl", hash = "sha256:5502408cab1cb18e128570f8d598981c68a50d0cbd7c61312a90507cd3a1276f" },
    { url = "https://pypi.devinfra.sentry.io/wheels/pytokens-0.4.1-cp313-cp313-manylinux2014_x86_64.manylinux_2_17_x86_64.manylinux_2_28_x86_64.whl", hash = "sha256:29d1d8fb1030af4d231789959f21821ab6325e463f0503a61d204343c9b355d1" },
    { url = "https://pypi.devinfra.sentry.io/wheels/pytokens-0.4.1-cp314-cp314-macosx_11_0_arm64.whl", hash = "sha256:4a14d5f5fc78ce85e426aa159489e2d5961acf0e47575e08f35584009178e321" },
    { url = "https://pypi.devinfra.sentry.io/wheels/pytokens-0.4.1-cp314-cp314-manylinux2014_aarch64.manylinux_2_17_aarch64.manylinux_2_28_aarch64.whl", hash = "sha256:97f50fd18543be72da51dd505e2ed20d2228c74e0464e4262e4899797803d7fa" },
    { url = "https://pypi.devinfra.sentry.io/wheels/pytokens-0.4.1-cp314-cp314-manylinux2014_x86_64.manylinux_2_17_x86_64.manylinux_2_28_x86_64.whl", hash = "sha256:dc74c035f9bfca0255c1af77ddd2d6ae8419012805453e4b0e7513e17904545d" },
]

[[package]]
name = "pyyaml"
version = "6.0.3"
source = { registry = "https://pypi.devinfra.sentry.io/simple" }
wheels = [
    { url = "https://pypi.devinfra.sentry.io/wheels/pyyaml-6.0.3-cp313-cp313-macosx_10_13_x86_64.whl", hash = "sha256:8da9669d359f02c0b91ccc01cac4a67f16afec0dac22c2ad09f46bee0697eba8" },
    { url = "https://pypi.devinfra.sentry.io/wheels/pyyaml-6.0.3-cp313-cp313-macosx_11_0_arm64.whl", hash = "sha256:2283a07e2c21a2aa78d9c4442724ec1eb15f5e42a723b99cb3d822d48f5f7ad1" },
    { url = "https://pypi.devinfra.sentry.io/wheels/pyyaml-6.0.3-cp313-cp313-manylinux2014_aarch64.manylinux_2_17_aarch64.manylinux_2_28_aarch64.whl", hash = "sha256:ee2922902c45ae8ccada2c5b501ab86c36525b883eff4255313a253a3160861c" },
    { url = "https://pypi.devinfra.sentry.io/wheels/pyyaml-6.0.3-cp313-cp313-manylinux2014_x86_64.manylinux_2_17_x86_64.manylinux_2_28_x86_64.whl", hash = "sha256:0f29edc409a6392443abf94b9cf89ce99889a1dd5376d94316ae5145dfedd5d6" },
    { url = "https://pypi.devinfra.sentry.io/wheels/pyyaml-6.0.3-cp314-cp314-macosx_11_0_arm64.whl", hash = "sha256:34d5fcd24b8445fadc33f9cf348c1047101756fd760b4dacb5c3e99755703310" },
    { url = "https://pypi.devinfra.sentry.io/wheels/pyyaml-6.0.3-cp314-cp314-manylinux2014_aarch64.manylinux_2_17_aarch64.manylinux_2_28_aarch64.whl", hash = "sha256:501a031947e3a9025ed4405a168e6ef5ae3126c59f90ce0cd6f2bfc477be31b7" },
    { url = "https://pypi.devinfra.sentry.io/wheels/pyyaml-6.0.3-cp314-cp314-manylinux2014_x86_64.manylinux_2_17_x86_64.manylinux_2_28_x86_64.whl", hash = "sha256:c458b6d084f9b935061bc36216e8a69a7e293a2f1e68bf956dcd9e6cbcd143f5" },
]

[[package]]
name = "redis"
version = "5.0.1"
source = { registry = "https://pypi.devinfra.sentry.io/simple" }
wheels = [
    { url = "https://pypi.devinfra.sentry.io/wheels/redis-5.0.1-py3-none-any.whl", hash = "sha256:ed4802971884ae19d640775ba3b03aa2e7bd5e8fb8dfaed2decce4d0fc48391f" },
]

[[package]]
name = "relay"
version = "0.0.0"
source = { virtual = "." }

[package.dev-dependencies]
dev = [
    { name = "black", marker = "sys_platform == 'darwin' or sys_platform == 'linux'" },
    { name = "blinker", marker = "sys_platform == 'darwin' or sys_platform == 'linux'" },
    { name = "click", marker = "sys_platform == 'darwin' or sys_platform == 'linux'" },
    { name = "confluent-kafka", marker = "sys_platform == 'darwin' or sys_platform == 'linux'" },
    { name = "devservices", marker = "sys_platform == 'darwin' or sys_platform == 'linux'" },
    { name = "flake8", marker = "sys_platform == 'darwin' or sys_platform == 'linux'" },
    { name = "flask", marker = "sys_platform == 'darwin' or sys_platform == 'linux'" },
    { name = "milksnake", marker = "sys_platform == 'darwin' or sys_platform == 'linux'" },
    { name = "msgpack", marker = "sys_platform == 'darwin' or sys_platform == 'linux'" },
    { name = "mypy", marker = "sys_platform == 'darwin' or sys_platform == 'linux'" },
    { name = "objectstore-client", marker = "sys_platform == 'darwin' or sys_platform == 'linux'" },
    { name = "opentelemetry-proto", marker = "sys_platform == 'darwin' or sys_platform == 'linux'" },
    { name = "packaging", marker = "sys_platform == 'darwin' or sys_platform == 'linux'" },
    { name = "pre-commit", marker = "sys_platform == 'darwin' or sys_platform == 'linux'" },
    { name = "pytest", marker = "sys_platform == 'darwin' or sys_platform == 'linux'" },
    { name = "pytest-localserver", marker = "sys_platform == 'darwin' or sys_platform == 'linux'" },
    { name = "pytest-sentry", marker = "sys_platform == 'darwin' or sys_platform == 'linux'" },
    { name = "pytest-timeout", marker = "sys_platform == 'darwin' or sys_platform == 'linux'" },
    { name = "pytest-xdist", marker = "sys_platform == 'darwin' or sys_platform == 'linux'" },
    { name = "pyyaml", marker = "sys_platform == 'darwin' or sys_platform == 'linux'" },
    { name = "redis", marker = "sys_platform == 'darwin' or sys_platform == 'linux'" },
    { name = "requests", marker = "sys_platform == 'darwin' or sys_platform == 'linux'" },
    { name = "sentry-protos", marker = "sys_platform == 'darwin' or sys_platform == 'linux'" },
    { name = "sentry-sdk", marker = "sys_platform == 'darwin' or sys_platform == 'linux'" },
    { name = "setuptools", marker = "sys_platform == 'darwin' or sys_platform == 'linux'" },
    { name = "types-protobuf", marker = "sys_platform == 'darwin' or sys_platform == 'linux'" },
    { name = "types-pyyaml", marker = "sys_platform == 'darwin' or sys_platform == 'linux'" },
    { name = "types-redis", marker = "sys_platform == 'darwin' or sys_platform == 'linux'" },
    { name = "types-requests", marker = "sys_platform == 'darwin' or sys_platform == 'linux'" },
    { name = "types-setuptools", marker = "sys_platform == 'darwin' or sys_platform == 'linux'" },
    { name = "werkzeug", marker = "sys_platform == 'darwin' or sys_platform == 'linux'" },
    { name = "wheel", marker = "sys_platform == 'darwin' or sys_platform == 'linux'" },
    { name = "zstandard", marker = "sys_platform == 'darwin' or sys_platform == 'linux'" },
]

[package.metadata]

[package.metadata.requires-dev]
dev = [
    { name = "black" },
    { name = "blinker" },
    { name = "click" },
    { name = "confluent-kafka" },
    { name = "devservices" },
    { name = "flake8" },
    { name = "flask" },
    { name = "milksnake" },
    { name = "msgpack" },
    { name = "mypy" },
    { name = "objectstore-client" },
    { name = "opentelemetry-proto" },
    { name = "packaging" },
    { name = "pre-commit" },
    { name = "pytest" },
    { name = "pytest-localserver" },
    { name = "pytest-sentry" },
    { name = "pytest-timeout" },
    { name = "pytest-xdist" },
    { name = "pyyaml" },
    { name = "redis" },
    { name = "requests" },
    { name = "sentry-protos" },
    { name = "sentry-sdk" },
    { name = "setuptools" },
    { name = "types-protobuf" },
    { name = "types-pyyaml" },
    { name = "types-redis" },
    { name = "types-requests" },
    { name = "types-setuptools" },
    { name = "werkzeug" },
    { name = "wheel" },
    { name = "zstandard" },
]

[[package]]
name = "requests"
version = "2.33.1"
source = { registry = "https://pypi.devinfra.sentry.io/simple" }
dependencies = [
    { name = "certifi", marker = "sys_platform == 'darwin' or sys_platform == 'linux'" },
    { name = "charset-normalizer", marker = "sys_platform == 'darwin' or sys_platform == 'linux'" },
    { name = "idna", marker = "sys_platform == 'darwin' or sys_platform == 'linux'" },
    { name = "urllib3", marker = "sys_platform == 'darwin' or sys_platform == 'linux'" },
]
wheels = [
    { url = "https://pypi.devinfra.sentry.io/wheels/requests-2.33.1-py3-none-any.whl", hash = "sha256:4e6d1ef462f3626a1f0a0a9c42dd93c63bad33f9f1c1937509b8c5c8718ab56a" },
]

[[package]]
name = "sentry-devenv"
version = "1.28.0"
source = { registry = "https://pypi.devinfra.sentry.io/simple" }
dependencies = [
    { name = "sentry-sdk", marker = "sys_platform == 'darwin' or sys_platform == 'linux'" },
    { name = "typing-extensions", marker = "sys_platform == 'darwin' or sys_platform == 'linux'" },
]
wheels = [
    { url = "https://pypi.devinfra.sentry.io/wheels/sentry_devenv-1.28.0-py3-none-any.whl", hash = "sha256:304b603c561c4a0a206c7d1346aebf8ec44e6175f44ecce0b9c1a5848fb3f7ca" },
]

[[package]]
name = "sentry-protos"
version = "0.8.28"
source = { registry = "https://pypi.devinfra.sentry.io/simple" }
dependencies = [
    { name = "grpc-stubs", marker = "sys_platform == 'darwin' or sys_platform == 'linux'" },
    { name = "grpcio", marker = "sys_platform == 'darwin' or sys_platform == 'linux'" },
    { name = "protobuf", marker = "sys_platform == 'darwin' or sys_platform == 'linux'" },
]
wheels = [
    { url = "https://pypi.devinfra.sentry.io/wheels/sentry_protos-0.8.28-py3-none-any.whl", hash = "sha256:79972cc4d6bfb3a5cd78f14f65753191257761a19f8ff2d9a2a94d1254dc41ce" },
]

[[package]]
name = "sentry-sdk"
version = "2.59.0"
source = { registry = "https://pypi.devinfra.sentry.io/simple" }
dependencies = [
    { name = "certifi", marker = "sys_platform == 'darwin' or sys_platform == 'linux'" },
    { name = "urllib3", marker = "sys_platform == 'darwin' or sys_platform == 'linux'" },
]
wheels = [
    { url = "https://pypi.devinfra.sentry.io/wheels/sentry_sdk-2.59.0-py2.py3-none-any.whl", hash = "sha256:abcf65ee9a9d9cdebf9ad369782408ecca9c1c792686ef06ba34f5ab233527fe" },
]

[[package]]
name = "setuptools"
version = "80.10.2"
source = { registry = "https://pypi.devinfra.sentry.io/simple" }
wheels = [
    { url = "https://pypi.devinfra.sentry.io/wheels/setuptools-80.10.2-py3-none-any.whl", hash = "sha256:95b30ddfb717250edb492926c92b5221f7ef3fbcc2b07579bcd4a27da21d0173" },
]

[[package]]
name = "supervisor"
version = "4.2.5"
source = { registry = "https://pypi.devinfra.sentry.io/simple" }
dependencies = [
    { name = "setuptools", marker = "sys_platform == 'darwin' or sys_platform == 'linux'" },
]
wheels = [
    { url = "https://pypi.devinfra.sentry.io/wheels/supervisor-4.2.5-py2.py3-none-any.whl", hash = "sha256:2ecaede32fc25af814696374b79e42644ecaba5c09494c51016ffda9602d0f08" },
]

[[package]]
name = "types-protobuf"
version = "6.30.2.20250703"
source = { registry = "https://pypi.devinfra.sentry.io/simple" }
wheels = [
    { url = "https://pypi.devinfra.sentry.io/wheels/types_protobuf-6.30.2.20250703-py3-none-any.whl", hash = "sha256:fa5aff9036e9ef432d703abbdd801b436a249b6802e4df5ef74513e272434e57" },
]

[[package]]
name = "types-pyopenssl"
version = "23.2.0.2"
source = { registry = "https://pypi.devinfra.sentry.io/simple" }
dependencies = [
    { name = "cryptography", marker = "sys_platform == 'darwin' or sys_platform == 'linux'" },
]
wheels = [
    { url = "https://pypi.devinfra.sentry.io/wheels/types_pyOpenSSL-23.2.0.2-py3-none-any.whl", hash = "sha256:19536aa3debfbe25a918cf0d898e9f5fbbe6f3594a429da7914bf331deb1b342" },
]

[[package]]
name = "types-pyyaml"
version = "6.0.12.20241230"
source = { registry = "https://pypi.devinfra.sentry.io/simple" }
wheels = [
    { url = "https://pypi.devinfra.sentry.io/wheels/types_PyYAML-6.0.12.20241230-py3-none-any.whl", hash = "sha256:fa4d32565219b68e6dee5f67534c722e53c00d1cfc09c435ef04d7353e1e96e6" },
]

[[package]]
name = "types-redis"
version = "4.6.0.3"
source = { registry = "https://pypi.devinfra.sentry.io/simple" }
dependencies = [
    { name = "cryptography", marker = "sys_platform == 'darwin' or sys_platform == 'linux'" },
    { name = "types-pyopenssl", marker = "sys_platform == 'darwin' or sys_platform == 'linux'" },
]
wheels = [
    { url = "https://pypi.devinfra.sentry.io/wheels/types_redis-4.6.0.3-py3-none-any.whl", hash = "sha256:67c44c14369c33c2a300da2a50b5607c0fc888f7b85eeb7c73e15c78a0f05edd" },
]

[[package]]
name = "types-requests"
version = "2.32.4.20250611"
source = { registry = "https://pypi.devinfra.sentry.io/simple" }
dependencies = [
    { name = "urllib3", marker = "sys_platform == 'darwin' or sys_platform == 'linux'" },
]
wheels = [
    { url = "https://pypi.devinfra.sentry.io/wheels/types_requests-2.32.4.20250611-py3-none-any.whl", hash = "sha256:ad2fe5d3b0cb3c2c902c8815a70e7fb2302c4b8c1f77bdcd738192cdb3878072" },
]

[[package]]
name = "types-setuptools"
version = "74.1.0.20240907"
source = { registry = "https://pypi.devinfra.sentry.io/simple" }
wheels = [
    { url = "https://pypi.devinfra.sentry.io/wheels/types_setuptools-74.1.0.20240907-py3-none-any.whl", hash = "sha256:15b38c8e63ca34f42f6063ff4b1dd662ea20086166d5ad6a102e670a52574120" },
]

[[package]]
name = "typing-extensions"
version = "4.15.0"
source = { registry = "https://pypi.devinfra.sentry.io/simple" }
wheels = [
    { url = "https://pypi.devinfra.sentry.io/wheels/typing_extensions-4.15.0-py3-none-any.whl", hash = "sha256:f0fa19c6845758ab08074a0cfa8b7aecb71c999ca73d62883bc25cc018c4e548" },
]

[[package]]
name = "urllib3"
version = "2.6.3"
source = { registry = "https://pypi.devinfra.sentry.io/simple" }
wheels = [
    { url = "https://pypi.devinfra.sentry.io/wheels/urllib3-2.6.3-py3-none-any.whl", hash = "sha256:bf272323e553dfb2e87d9bfd225ca7b0f467b919d7bbd355436d3fd37cb0acd4" },
]

[[package]]
name = "virtualenv"
version = "20.36.1"
source = { registry = "https://pypi.devinfra.sentry.io/simple" }
dependencies = [
    { name = "distlib", marker = "sys_platform == 'darwin' or sys_platform == 'linux'" },
    { name = "filelock", marker = "sys_platform == 'darwin' or sys_platform == 'linux'" },
    { name = "platformdirs", marker = "sys_platform == 'darwin' or sys_platform == 'linux'" },
]
wheels = [
    { url = "https://pypi.devinfra.sentry.io/wheels/virtualenv-20.36.1-py3-none-any.whl", hash = "sha256:575a8d6b124ef88f6f51d56d656132389f961062a9177016a50e4f507bbcc19f" },
]

[[package]]
name = "werkzeug"
version = "3.1.6"
source = { registry = "https://pypi.devinfra.sentry.io/simple" }
dependencies = [
    { name = "markupsafe", marker = "sys_platform == 'darwin' or sys_platform == 'linux'" },
]
wheels = [
    { url = "https://pypi.devinfra.sentry.io/wheels/werkzeug-3.1.6-py3-none-any.whl", hash = "sha256:7ddf3357bb9564e407607f988f683d72038551200c704012bb9a4c523d42f131" },
]

[[package]]
name = "wheel"
version = "0.46.3"
source = { registry = "https://pypi.devinfra.sentry.io/simple" }
dependencies = [
    { name = "packaging", marker = "sys_platform == 'darwin' or sys_platform == 'linux'" },
]
wheels = [
    { url = "https://pypi.devinfra.sentry.io/wheels/wheel-0.46.3-py3-none-any.whl", hash = "sha256:4b399d56c9d9338230118d705d9737a2a468ccca63d5e813e2a4fc7815d8bc4d" },
]

[[package]]
name = "wrapt"
version = "1.17.2"
source = { registry = "https://pypi.devinfra.sentry.io/simple" }
wheels = [
    { url = "https://pypi.devinfra.sentry.io/wheels/wrapt-1.17.2-cp313-cp313-macosx_10_13_x86_64.whl", hash = "sha256:35621ae4c00e056adb0009f8e86e28eb4a41a4bfa8f9bfa9fca7d343fe94f998" },
    { url = "https://pypi.devinfra.sentry.io/wheels/wrapt-1.17.2-cp313-cp313-macosx_11_0_arm64.whl", hash = "sha256:a604bf7a053f8362d27eb9fefd2097f82600b856d5abe996d623babd067b1ab5" },
    { url = "https://pypi.devinfra.sentry.io/wheels/wrapt-1.17.2-cp313-cp313-manylinux_2_17_aarch64.manylinux2014_aarch64.whl", hash = "sha256:5cbabee4f083b6b4cd282f5b817a867cf0b1028c54d445b7ec7cfe6505057cf8" },
    { url = "https://pypi.devinfra.sentry.io/wheels/wrapt-1.17.2-cp313-cp313-manylinux_2_5_x86_64.manylinux1_x86_64.manylinux_2_17_x86_64.manylinux2014_x86_64.whl", hash = "sha256:8112e52c5822fc4253f3901b676c55ddf288614dc7011634e2719718eaa187dc" },
    { url = "https://pypi.devinfra.sentry.io/wheels/wrapt-1.17.2-py3-none-any.whl", hash = "sha256:b18f2d1533a71f069c7f82d524a52599053d4c7166e9dd374ae2136b7f40f7c8" },
]

[[package]]
name = "zstandard"
version = "0.18.0"
source = { registry = "https://pypi.devinfra.sentry.io/simple" }
dependencies = [
    { name = "cffi", marker = "(platform_python_implementation == 'PyPy' and sys_platform == 'darwin') or (platform_python_implementation == 'PyPy' and sys_platform == 'linux')" },
]
wheels = [
    { url = "https://pypi.devinfra.sentry.io/wheels/zstandard-0.18.0-cp313-cp313-macosx_10_9_x86_64.whl", hash = "sha256:032ddaf24458986a31ff49d2fa86a4003e1e1c34c38976bedd06805350eaeddc" },
    { url = "https://pypi.devinfra.sentry.io/wheels/zstandard-0.18.0-cp313-cp313-macosx_11_0_arm64.whl", hash = "sha256:d68ff7c3a4c35400d807efbfa793767c2d4866a7017770b424e65749a70e958e" },
    { url = "https://pypi.devinfra.sentry.io/wheels/zstandard-0.18.0-cp313-cp313-manylinux_2_17_aarch64.manylinux2014_aarch64.manylinux_2_28_aarch64.whl", hash = "sha256:e1ef5b96f0e90855ea13d06b7213a75a77a23946d8bb186ff38578dd1ff5efd4" },
    { url = "https://pypi.devinfra.sentry.io/wheels/zstandard-0.18.0-cp313-cp313-manylinux_2_17_x86_64.manylinux2014_x86_64.manylinux_2_28_x86_64.whl", hash = "sha256:754256fb4080a36f8992983b2f65f23719d275c9a350bcf18d76344ed64efa19" },
    { url = "https://pypi.devinfra.sentry.io/wheels/zstandard-0.18.0-cp314-cp314-macosx_11_0_arm64.whl", hash = "sha256:cdfe7ba070e4c13ca286494e0f3981a5deb0be0b3df84484399f2612bf8fd9ca" },
    { url = "https://pypi.devinfra.sentry.io/wheels/zstandard-0.18.0-cp314-cp314-manylinux_2_17_aarch64.manylinux2014_aarch64.manylinux_2_31_aarch64.whl", hash = "sha256:97efd8e7411354833c5c561c5b8b4c73fa9922c46b477229ae63318bc740afbd" },
    { url = "https://pypi.devinfra.sentry.io/wheels/zstandard-0.18.0-cp314-cp314-manylinux_2_17_x86_64.manylinux2014_x86_64.manylinux_2_31_x86_64.whl", hash = "sha256:f91b92f1f6f53f3c11539767d448b4dbf65bed61788d5f510eec5338d876687a" },
]
